// !$*UTF8*$!
{
	archiveVersion = 1;
	classes = {
	};
	objectVersion = 55;
	objects = {

/* Begin PBXBuildFile section */
		04607E092808B1B000C402AB /* XCUIElementQuery+Tap.swift in Sources */ = {isa = PBXBuildFile; fileRef = 04607E022808B1B000C402AB /* XCUIElementQuery+Tap.swift */; };
		04607E0A2808B1B000C402AB /* XCTestCase+Screenshot.swift in Sources */ = {isa = PBXBuildFile; fileRef = 04607E032808B1B000C402AB /* XCTestCase+Screenshot.swift */; };
		04607E0B2808B1B000C402AB /* UIDevice+Model.swift in Sources */ = {isa = PBXBuildFile; fileRef = 04607E052808B1B000C402AB /* UIDevice+Model.swift */; };
		04607E0C2808B1B000C402AB /* UIImage+StatusBar.swift in Sources */ = {isa = PBXBuildFile; fileRef = 04607E062808B1B000C402AB /* UIImage+StatusBar.swift */; };
		04607E0D2808B1B000C402AB /* FBSnapshotTestCase+Screenshot.swift in Sources */ = {isa = PBXBuildFile; fileRef = 04607E082808B1B000C402AB /* FBSnapshotTestCase+Screenshot.swift */; };
		04607E102808B1C400C402AB /* SnapshotHelper.swift in Sources */ = {isa = PBXBuildFile; fileRef = 04607E0F2808B1C400C402AB /* SnapshotHelper.swift */; };
		049296772807560800878EDB /* TODO.txt in Resources */ = {isa = PBXBuildFile; fileRef = 049296762807560800878EDB /* TODO.txt */; };
		04B8E8ED2801F3B800EF70CD /* AppDelegate.swift in Sources */ = {isa = PBXBuildFile; fileRef = 04B8E8EC2801F3B800EF70CD /* AppDelegate.swift */; };
		04B8E8EF2801F3B800EF70CD /* SceneDelegate.swift in Sources */ = {isa = PBXBuildFile; fileRef = 04B8E8EE2801F3B800EF70CD /* SceneDelegate.swift */; };
		04B8E8F12801F3B800EF70CD /* MainViewController.swift in Sources */ = {isa = PBXBuildFile; fileRef = 04B8E8F02801F3B800EF70CD /* MainViewController.swift */; };
		04B8E8F42801F3B800EF70CD /* MainViewController.storyboard in Resources */ = {isa = PBXBuildFile; fileRef = 04B8E8F22801F3B800EF70CD /* MainViewController.storyboard */; };
		04B8E8F62801F3C300EF70CD /* Assets.xcassets in Resources */ = {isa = PBXBuildFile; fileRef = 04B8E8F52801F3C300EF70CD /* Assets.xcassets */; };
		04B8E8F92801F3C300EF70CD /* LaunchScreen.storyboard in Resources */ = {isa = PBXBuildFile; fileRef = 04B8E8F72801F3C300EF70CD /* LaunchScreen.storyboard */; };
		04B8E9042801F3C300EF70CD /* CalculatoriOSTests.swift in Sources */ = {isa = PBXBuildFile; fileRef = 04B8E9032801F3C300EF70CD /* CalculatoriOSTests.swift */; };
		04B8E90E2801F3C300EF70CD /* CalculatoriOSUITests.swift in Sources */ = {isa = PBXBuildFile; fileRef = 04B8E90D2801F3C300EF70CD /* CalculatoriOSUITests.swift */; };
		04B8E9102801F3C300EF70CD /* CalculatoriOSUITestsLaunchTests.swift in Sources */ = {isa = PBXBuildFile; fileRef = 04B8E90F2801F3C300EF70CD /* CalculatoriOSUITestsLaunchTests.swift */; };
		20716530858533A383C96833 /* Pods_App_Calculator_iOSTests.framework in Frameworks */ = {isa = PBXBuildFile; fileRef = 77C2F048D6901DC5382FCCED /* Pods_App_Calculator_iOSTests.framework */; };
		3E560F83CA222F5068AFF134 /* Pods_App_Calculator_iOS_Release.framework in Frameworks */ = {isa = PBXBuildFile; fileRef = CAF9EF525AA496DB0438650C /* Pods_App_Calculator_iOS_Release.framework */; };
		5F0E64FE29EDED550001A13E /* CalculatorOperationsUITests.swift in Sources */ = {isa = PBXBuildFile; fileRef = 5F0E64FD29EDED550001A13E /* CalculatorOperationsUITests.swift */; };
		5F13340329E85AFA005F6098 /* CalculatorServiceOperationsTests.swift in Sources */ = {isa = PBXBuildFile; fileRef = 5F13340229E85AF9005F6098 /* CalculatorServiceOperationsTests.swift */; };
		5F13340529E85DC4005F6098 /* CalculatorClearLastInputTests.swift in Sources */ = {isa = PBXBuildFile; fileRef = 5F13340429E85DC4005F6098 /* CalculatorClearLastInputTests.swift */; };
		5F167CBB29C230680003799F /* ReusableCommonButton.swift in Sources */ = {isa = PBXBuildFile; fileRef = 5F167CBA29C230680003799F /* ReusableCommonButton.swift */; };
		5F1E48CB29E72A0300750160 /* NSExpressionExtensionTests.swift in Sources */ = {isa = PBXBuildFile; fileRef = 5F1E48CA29E72A0300750160 /* NSExpressionExtensionTests.swift */; };
		5F3A921829C4E0BA00A11472 /* UIConstants.swift in Sources */ = {isa = PBXBuildFile; fileRef = 5F3A921729C4E0BA00A11472 /* UIConstants.swift */; };
		5F3D18E529EDE092006BF536 /* AccessibilityIdentifiers.swift in Sources */ = {isa = PBXBuildFile; fileRef = 5FEF7E6C29E7796200D6BFCC /* AccessibilityIdentifiers.swift */; };
		5F3D18E629EDE095006BF536 /* AccessibilityIdentifiers.swift in Sources */ = {isa = PBXBuildFile; fileRef = 5FEF7E6C29E7796200D6BFCC /* AccessibilityIdentifiers.swift */; };
		5F405CB729BF864B00FB8687 /* Poppins-BoldItalic.ttf in Resources */ = {isa = PBXBuildFile; fileRef = 5F405CA529BF864A00FB8687 /* Poppins-BoldItalic.ttf */; };
		5F405CB829BF864B00FB8687 /* Poppins-ExtraBold.ttf in Resources */ = {isa = PBXBuildFile; fileRef = 5F405CA629BF864A00FB8687 /* Poppins-ExtraBold.ttf */; };
		5F405CB929BF864B00FB8687 /* Poppins-Black.ttf in Resources */ = {isa = PBXBuildFile; fileRef = 5F405CA729BF864A00FB8687 /* Poppins-Black.ttf */; };
		5F405CBA29BF864B00FB8687 /* Poppins-MediumItalic.ttf in Resources */ = {isa = PBXBuildFile; fileRef = 5F405CA829BF864A00FB8687 /* Poppins-MediumItalic.ttf */; };
		5F405CBB29BF864B00FB8687 /* Poppins-Regular.ttf in Resources */ = {isa = PBXBuildFile; fileRef = 5F405CA929BF864A00FB8687 /* Poppins-Regular.ttf */; };
		5F405CBC29BF864B00FB8687 /* Poppins-Light.ttf in Resources */ = {isa = PBXBuildFile; fileRef = 5F405CAA29BF864A00FB8687 /* Poppins-Light.ttf */; };
		5F405CBD29BF864B00FB8687 /* Poppins-SemiBold.ttf in Resources */ = {isa = PBXBuildFile; fileRef = 5F405CAB29BF864A00FB8687 /* Poppins-SemiBold.ttf */; };
		5F405CBE29BF864B00FB8687 /* Poppins-LightItalic.ttf in Resources */ = {isa = PBXBuildFile; fileRef = 5F405CAC29BF864A00FB8687 /* Poppins-LightItalic.ttf */; };
		5F405CBF29BF864B00FB8687 /* Poppins-Italic.ttf in Resources */ = {isa = PBXBuildFile; fileRef = 5F405CAD29BF864A00FB8687 /* Poppins-Italic.ttf */; };
		5F405CC029BF864B00FB8687 /* Poppins-BlackItalic.ttf in Resources */ = {isa = PBXBuildFile; fileRef = 5F405CAE29BF864A00FB8687 /* Poppins-BlackItalic.ttf */; };
		5F405CC129BF864B00FB8687 /* Poppins-ThinItalic.ttf in Resources */ = {isa = PBXBuildFile; fileRef = 5F405CAF29BF864A00FB8687 /* Poppins-ThinItalic.ttf */; };
		5F405CC229BF864B00FB8687 /* Poppins-Medium.ttf in Resources */ = {isa = PBXBuildFile; fileRef = 5F405CB029BF864B00FB8687 /* Poppins-Medium.ttf */; };
		5F405CC329BF864B00FB8687 /* Poppins-Bold.ttf in Resources */ = {isa = PBXBuildFile; fileRef = 5F405CB129BF864B00FB8687 /* Poppins-Bold.ttf */; };
		5F405CC429BF864B00FB8687 /* Poppins-ExtraLight.ttf in Resources */ = {isa = PBXBuildFile; fileRef = 5F405CB229BF864B00FB8687 /* Poppins-ExtraLight.ttf */; };
		5F405CC529BF864B00FB8687 /* Poppins-ExtraLightItalic.ttf in Resources */ = {isa = PBXBuildFile; fileRef = 5F405CB329BF864B00FB8687 /* Poppins-ExtraLightItalic.ttf */; };
		5F405CC629BF864B00FB8687 /* Poppins-SemiBoldItalic.ttf in Resources */ = {isa = PBXBuildFile; fileRef = 5F405CB429BF864B00FB8687 /* Poppins-SemiBoldItalic.ttf */; };
		5F405CC729BF864B00FB8687 /* Poppins-ExtraBoldItalic.ttf in Resources */ = {isa = PBXBuildFile; fileRef = 5F405CB529BF864B00FB8687 /* Poppins-ExtraBoldItalic.ttf */; };
		5F405CC829BF864B00FB8687 /* Poppins-Thin.ttf in Resources */ = {isa = PBXBuildFile; fileRef = 5F405CB629BF864B00FB8687 /* Poppins-Thin.ttf */; };
		5F405CCA29BF95A300FB8687 /* CalculatorButton.swift in Sources */ = {isa = PBXBuildFile; fileRef = 5F405CC929BF95A300FB8687 /* CalculatorButton.swift */; };
		5F6CC45429DCD21C00D072B4 /* NSExpressionExtension.swift in Sources */ = {isa = PBXBuildFile; fileRef = 5F6CC45329DCD21C00D072B4 /* NSExpressionExtension.swift */; };
		5F6D071229E4D98200AE08D4 /* MainViewController.swift in Sources */ = {isa = PBXBuildFile; fileRef = 04B8E8F02801F3B800EF70CD /* MainViewController.swift */; };
		5F6D071329E4D98200AE08D4 /* ReusableCommonButton.swift in Sources */ = {isa = PBXBuildFile; fileRef = 5F167CBA29C230680003799F /* ReusableCommonButton.swift */; };
		5F6D071429E4D98200AE08D4 /* ReusableStackView.swift in Sources */ = {isa = PBXBuildFile; fileRef = 5FC863A529CE1B400095BD87 /* ReusableStackView.swift */; };
		5F6D071529E4D98200AE08D4 /* CalculatorButton.swift in Sources */ = {isa = PBXBuildFile; fileRef = 5F405CC929BF95A300FB8687 /* CalculatorButton.swift */; };
		5F6D071629E4D98200AE08D4 /* NSExpressionExtension.swift in Sources */ = {isa = PBXBuildFile; fileRef = 5F6CC45329DCD21C00D072B4 /* NSExpressionExtension.swift */; };
		5F6D071729E4D98200AE08D4 /* ReusableStackViewModel.swift in Sources */ = {isa = PBXBuildFile; fileRef = 5FC863A729CE1CA70095BD87 /* ReusableStackViewModel.swift */; };
		5F6D071829E4D98200AE08D4 /* ButtonStyles.swift in Sources */ = {isa = PBXBuildFile; fileRef = 5FFEF6E729CCB3CB003715AD /* ButtonStyles.swift */; };
		5F6D071929E4D98200AE08D4 /* UIConstants.swift in Sources */ = {isa = PBXBuildFile; fileRef = 5F3A921729C4E0BA00A11472 /* UIConstants.swift */; };
		5F6D071A29E4D98200AE08D4 /* StackViewsStyles.swift in Sources */ = {isa = PBXBuildFile; fileRef = 5FC863A929CE2B350095BD87 /* StackViewsStyles.swift */; };
		5F6D071B29E4D98200AE08D4 /* Constraints.swift in Sources */ = {isa = PBXBuildFile; fileRef = 5FC863AB29CE6A6F0095BD87 /* Constraints.swift */; };
		5F6D071C29E4D98200AE08D4 /* CalculatorService.swift in Sources */ = {isa = PBXBuildFile; fileRef = 5F93477629CBD4FA002D04BC /* CalculatorService.swift */; };
		5F6D071D29E4D98200AE08D4 /* AppDelegate.swift in Sources */ = {isa = PBXBuildFile; fileRef = 04B8E8EC2801F3B800EF70CD /* AppDelegate.swift */; };
		5F6D071E29E4D98200AE08D4 /* SceneDelegate.swift in Sources */ = {isa = PBXBuildFile; fileRef = 04B8E8EE2801F3B800EF70CD /* SceneDelegate.swift */; };
		5F6D071F29E4D98200AE08D4 /* StackViewsData.swift in Sources */ = {isa = PBXBuildFile; fileRef = 5FFEF6EC29CD1F7D003715AD /* StackViewsData.swift */; };
		5F6D072029E4D98200AE08D4 /* CalculatorServiceProtocol.swift in Sources */ = {isa = PBXBuildFile; fileRef = 5F93477429CBD4DF002D04BC /* CalculatorServiceProtocol.swift */; };
		5F6D072429E4D98200AE08D4 /* TODO.txt in Resources */ = {isa = PBXBuildFile; fileRef = 049296762807560800878EDB /* TODO.txt */; };
		5F6D072529E4D98200AE08D4 /* Poppins-Light.ttf in Resources */ = {isa = PBXBuildFile; fileRef = 5F405CAA29BF864A00FB8687 /* Poppins-Light.ttf */; };
		5F6D072629E4D98200AE08D4 /* Poppins-ExtraLightItalic.ttf in Resources */ = {isa = PBXBuildFile; fileRef = 5F405CB329BF864B00FB8687 /* Poppins-ExtraLightItalic.ttf */; };
		5F6D072729E4D98200AE08D4 /* Poppins-ExtraBoldItalic.ttf in Resources */ = {isa = PBXBuildFile; fileRef = 5F405CB529BF864B00FB8687 /* Poppins-ExtraBoldItalic.ttf */; };
		5F6D072829E4D98200AE08D4 /* Poppins-SemiBold.ttf in Resources */ = {isa = PBXBuildFile; fileRef = 5F405CAB29BF864A00FB8687 /* Poppins-SemiBold.ttf */; };
		5F6D072929E4D98200AE08D4 /* Poppins-MediumItalic.ttf in Resources */ = {isa = PBXBuildFile; fileRef = 5F405CA829BF864A00FB8687 /* Poppins-MediumItalic.ttf */; };
		5F6D072A29E4D98200AE08D4 /* Poppins-SemiBoldItalic.ttf in Resources */ = {isa = PBXBuildFile; fileRef = 5F405CB429BF864B00FB8687 /* Poppins-SemiBoldItalic.ttf */; };
		5F6D072B29E4D98200AE08D4 /* LaunchScreen.storyboard in Resources */ = {isa = PBXBuildFile; fileRef = 04B8E8F72801F3C300EF70CD /* LaunchScreen.storyboard */; };
		5F6D072C29E4D98200AE08D4 /* Poppins-Medium.ttf in Resources */ = {isa = PBXBuildFile; fileRef = 5F405CB029BF864B00FB8687 /* Poppins-Medium.ttf */; };
		5F6D072D29E4D98200AE08D4 /* Poppins-Thin.ttf in Resources */ = {isa = PBXBuildFile; fileRef = 5F405CB629BF864B00FB8687 /* Poppins-Thin.ttf */; };
		5F6D072E29E4D98200AE08D4 /* Poppins-Regular.ttf in Resources */ = {isa = PBXBuildFile; fileRef = 5F405CA929BF864A00FB8687 /* Poppins-Regular.ttf */; };
		5F6D072F29E4D98200AE08D4 /* Assets.xcassets in Resources */ = {isa = PBXBuildFile; fileRef = 04B8E8F52801F3C300EF70CD /* Assets.xcassets */; };
		5F6D073029E4D98200AE08D4 /* Poppins-Italic.ttf in Resources */ = {isa = PBXBuildFile; fileRef = 5F405CAD29BF864A00FB8687 /* Poppins-Italic.ttf */; };
		5F6D073129E4D98200AE08D4 /* Poppins-BlackItalic.ttf in Resources */ = {isa = PBXBuildFile; fileRef = 5F405CAE29BF864A00FB8687 /* Poppins-BlackItalic.ttf */; };
		5F6D073229E4D98200AE08D4 /* Poppins-LightItalic.ttf in Resources */ = {isa = PBXBuildFile; fileRef = 5F405CAC29BF864A00FB8687 /* Poppins-LightItalic.ttf */; };
		5F6D073329E4D98200AE08D4 /* Poppins-Black.ttf in Resources */ = {isa = PBXBuildFile; fileRef = 5F405CA729BF864A00FB8687 /* Poppins-Black.ttf */; };
		5F6D073429E4D98200AE08D4 /* Poppins-ExtraLight.ttf in Resources */ = {isa = PBXBuildFile; fileRef = 5F405CB229BF864B00FB8687 /* Poppins-ExtraLight.ttf */; };
		5F6D073529E4D98200AE08D4 /* Poppins-Bold.ttf in Resources */ = {isa = PBXBuildFile; fileRef = 5F405CB129BF864B00FB8687 /* Poppins-Bold.ttf */; };
		5F6D073629E4D98200AE08D4 /* MainViewController.storyboard in Resources */ = {isa = PBXBuildFile; fileRef = 04B8E8F22801F3B800EF70CD /* MainViewController.storyboard */; };
		5F6D073729E4D98200AE08D4 /* Poppins-ThinItalic.ttf in Resources */ = {isa = PBXBuildFile; fileRef = 5F405CAF29BF864A00FB8687 /* Poppins-ThinItalic.ttf */; };
		5F6D073829E4D98200AE08D4 /* Poppins-ExtraBold.ttf in Resources */ = {isa = PBXBuildFile; fileRef = 5F405CA629BF864A00FB8687 /* Poppins-ExtraBold.ttf */; };
		5F6D073929E4D98200AE08D4 /* Poppins-BoldItalic.ttf in Resources */ = {isa = PBXBuildFile; fileRef = 5F405CA529BF864A00FB8687 /* Poppins-BoldItalic.ttf */; };
		5F93477529CBD4DF002D04BC /* CalculatorServiceProtocol.swift in Sources */ = {isa = PBXBuildFile; fileRef = 5F93477429CBD4DF002D04BC /* CalculatorServiceProtocol.swift */; };
		5F93477729CBD4FA002D04BC /* CalculatorService.swift in Sources */ = {isa = PBXBuildFile; fileRef = 5F93477629CBD4FA002D04BC /* CalculatorService.swift */; };
		5FC863A629CE1B400095BD87 /* ReusableStackView.swift in Sources */ = {isa = PBXBuildFile; fileRef = 5FC863A529CE1B400095BD87 /* ReusableStackView.swift */; };
		5FC863A829CE1CA70095BD87 /* ReusableStackViewModel.swift in Sources */ = {isa = PBXBuildFile; fileRef = 5FC863A729CE1CA70095BD87 /* ReusableStackViewModel.swift */; };
		5FC863AA29CE2B350095BD87 /* StackViewsStyles.swift in Sources */ = {isa = PBXBuildFile; fileRef = 5FC863A929CE2B350095BD87 /* StackViewsStyles.swift */; };
		5FC863AC29CE6A6F0095BD87 /* Constraints.swift in Sources */ = {isa = PBXBuildFile; fileRef = 5FC863AB29CE6A6F0095BD87 /* Constraints.swift */; };
		5FEF7E6D29E7796200D6BFCC /* AccessibilityIdentifiers.swift in Sources */ = {isa = PBXBuildFile; fileRef = 5FEF7E6C29E7796200D6BFCC /* AccessibilityIdentifiers.swift */; };
		5FEF7E6E29E7796200D6BFCC /* AccessibilityIdentifiers.swift in Sources */ = {isa = PBXBuildFile; fileRef = 5FEF7E6C29E7796200D6BFCC /* AccessibilityIdentifiers.swift */; };
		5FFEF6E829CCB3CB003715AD /* ButtonStyles.swift in Sources */ = {isa = PBXBuildFile; fileRef = 5FFEF6E729CCB3CB003715AD /* ButtonStyles.swift */; };
		5FFEF6ED29CD1F7D003715AD /* StackViewsData.swift in Sources */ = {isa = PBXBuildFile; fileRef = 5FFEF6EC29CD1F7D003715AD /* StackViewsData.swift */; };
		6D36B356A3C3C6808B2CBB40 /* Pods_App_Calculator_iOS_Dev.framework in Frameworks */ = {isa = PBXBuildFile; fileRef = E7215F0D562535FD8E8DAA68 /* Pods_App_Calculator_iOS_Dev.framework */; };
		D4C94A0200D56DBF180045C7 /* Pods_App_Calculator_iOSUITests.framework in Frameworks */ = {isa = PBXBuildFile; fileRef = 44ECBB306DB0E87790B171D8 /* Pods_App_Calculator_iOSUITests.framework */; };
/* End PBXBuildFile section */

/* Begin PBXContainerItemProxy section */
		04B8E9002801F3C300EF70CD /* PBXContainerItemProxy */ = {
			isa = PBXContainerItemProxy;
			containerPortal = 04B8E8E12801F3B800EF70CD /* Project object */;
			proxyType = 1;
			remoteGlobalIDString = 04B8E8E82801F3B800EF70CD;
			remoteInfo = "Calculator-iOS";
		};
		04B8E90A2801F3C300EF70CD /* PBXContainerItemProxy */ = {
			isa = PBXContainerItemProxy;
			containerPortal = 04B8E8E12801F3B800EF70CD /* Project object */;
			proxyType = 1;
			remoteGlobalIDString = 04B8E8E82801F3B800EF70CD;
			remoteInfo = "Calculator-iOS";
		};
		5F4FAF1F29EA0A7B00B5C74A /* PBXContainerItemProxy */ = {
			isa = PBXContainerItemProxy;
			containerPortal = 04B8E8E12801F3B800EF70CD /* Project object */;
			proxyType = 1;
			remoteGlobalIDString = 5F6D070E29E4D98200AE08D4;
			remoteInfo = "Calculator-iOS-Release";
		};
/* End PBXContainerItemProxy section */

/* Begin PBXFileReference section */
		04607E022808B1B000C402AB /* XCUIElementQuery+Tap.swift */ = {isa = PBXFileReference; fileEncoding = 4; lastKnownFileType = sourcecode.swift; path = "XCUIElementQuery+Tap.swift"; sourceTree = "<group>"; };
		04607E032808B1B000C402AB /* XCTestCase+Screenshot.swift */ = {isa = PBXFileReference; fileEncoding = 4; lastKnownFileType = sourcecode.swift; path = "XCTestCase+Screenshot.swift"; sourceTree = "<group>"; };
		04607E052808B1B000C402AB /* UIDevice+Model.swift */ = {isa = PBXFileReference; fileEncoding = 4; lastKnownFileType = sourcecode.swift; path = "UIDevice+Model.swift"; sourceTree = "<group>"; };
		04607E062808B1B000C402AB /* UIImage+StatusBar.swift */ = {isa = PBXFileReference; fileEncoding = 4; lastKnownFileType = sourcecode.swift; path = "UIImage+StatusBar.swift"; sourceTree = "<group>"; };
		04607E082808B1B000C402AB /* FBSnapshotTestCase+Screenshot.swift */ = {isa = PBXFileReference; fileEncoding = 4; lastKnownFileType = sourcecode.swift; path = "FBSnapshotTestCase+Screenshot.swift"; sourceTree = "<group>"; };
		04607E0F2808B1C400C402AB /* SnapshotHelper.swift */ = {isa = PBXFileReference; fileEncoding = 4; lastKnownFileType = sourcecode.swift; path = SnapshotHelper.swift; sourceTree = "<group>"; };
		049296762807560800878EDB /* TODO.txt */ = {isa = PBXFileReference; fileEncoding = 4; lastKnownFileType = text; path = TODO.txt; sourceTree = "<group>"; };
		04B8E8E92801F3B800EF70CD /* Calculator-iOS-Dev.app */ = {isa = PBXFileReference; explicitFileType = wrapper.application; includeInIndex = 0; path = "Calculator-iOS-Dev.app"; sourceTree = BUILT_PRODUCTS_DIR; };
		04B8E8EC2801F3B800EF70CD /* AppDelegate.swift */ = {isa = PBXFileReference; lastKnownFileType = sourcecode.swift; path = AppDelegate.swift; sourceTree = "<group>"; };
		04B8E8EE2801F3B800EF70CD /* SceneDelegate.swift */ = {isa = PBXFileReference; lastKnownFileType = sourcecode.swift; path = SceneDelegate.swift; sourceTree = "<group>"; };
		04B8E8F02801F3B800EF70CD /* MainViewController.swift */ = {isa = PBXFileReference; lastKnownFileType = sourcecode.swift; path = MainViewController.swift; sourceTree = "<group>"; };
		04B8E8F32801F3B800EF70CD /* Base */ = {isa = PBXFileReference; lastKnownFileType = file.storyboard; name = Base; path = Base.lproj/MainViewController.storyboard; sourceTree = "<group>"; };
		04B8E8F52801F3C300EF70CD /* Assets.xcassets */ = {isa = PBXFileReference; lastKnownFileType = folder.assetcatalog; path = Assets.xcassets; sourceTree = "<group>"; };
		04B8E8F82801F3C300EF70CD /* Base */ = {isa = PBXFileReference; lastKnownFileType = file.storyboard; name = Base; path = Base.lproj/LaunchScreen.storyboard; sourceTree = "<group>"; };
		04B8E8FA2801F3C300EF70CD /* Info.plist */ = {isa = PBXFileReference; lastKnownFileType = text.plist.xml; path = Info.plist; sourceTree = "<group>"; };
		04B8E8FF2801F3C300EF70CD /* Calculator-iOSTests.xctest */ = {isa = PBXFileReference; explicitFileType = wrapper.cfbundle; includeInIndex = 0; path = "Calculator-iOSTests.xctest"; sourceTree = BUILT_PRODUCTS_DIR; };
		04B8E9032801F3C300EF70CD /* CalculatoriOSTests.swift */ = {isa = PBXFileReference; lastKnownFileType = sourcecode.swift; path = CalculatoriOSTests.swift; sourceTree = "<group>"; };
		04B8E9092801F3C300EF70CD /* Calculator-iOSUITests.xctest */ = {isa = PBXFileReference; explicitFileType = wrapper.cfbundle; includeInIndex = 0; path = "Calculator-iOSUITests.xctest"; sourceTree = BUILT_PRODUCTS_DIR; };
		04B8E90D2801F3C300EF70CD /* CalculatoriOSUITests.swift */ = {isa = PBXFileReference; lastKnownFileType = sourcecode.swift; path = CalculatoriOSUITests.swift; sourceTree = "<group>"; };
		04B8E90F2801F3C300EF70CD /* CalculatoriOSUITestsLaunchTests.swift */ = {isa = PBXFileReference; lastKnownFileType = sourcecode.swift; path = CalculatoriOSUITestsLaunchTests.swift; sourceTree = "<group>"; };
		05C340AB0FCE106DD1EC5110 /* Pods-App-Calculator-iOS-Release.release.xcconfig */ = {isa = PBXFileReference; includeInIndex = 1; lastKnownFileType = text.xcconfig; name = "Pods-App-Calculator-iOS-Release.release.xcconfig"; path = "Target Support Files/Pods-App-Calculator-iOS-Release/Pods-App-Calculator-iOS-Release.release.xcconfig"; sourceTree = "<group>"; };
		341ABA3C7AC3E3F4BAF7250F /* Pods-App-Calculator-iOSTests.debug.xcconfig */ = {isa = PBXFileReference; includeInIndex = 1; lastKnownFileType = text.xcconfig; name = "Pods-App-Calculator-iOSTests.debug.xcconfig"; path = "Target Support Files/Pods-App-Calculator-iOSTests/Pods-App-Calculator-iOSTests.debug.xcconfig"; sourceTree = "<group>"; };
		44ECBB306DB0E87790B171D8 /* Pods_App_Calculator_iOSUITests.framework */ = {isa = PBXFileReference; explicitFileType = wrapper.framework; includeInIndex = 0; path = Pods_App_Calculator_iOSUITests.framework; sourceTree = BUILT_PRODUCTS_DIR; };
		5F0E64FD29EDED550001A13E /* CalculatorOperationsUITests.swift */ = {isa = PBXFileReference; lastKnownFileType = sourcecode.swift; path = CalculatorOperationsUITests.swift; sourceTree = "<group>"; };
		5F13340229E85AF9005F6098 /* CalculatorServiceOperationsTests.swift */ = {isa = PBXFileReference; lastKnownFileType = sourcecode.swift; path = CalculatorServiceOperationsTests.swift; sourceTree = "<group>"; };
		5F13340429E85DC4005F6098 /* CalculatorClearLastInputTests.swift */ = {isa = PBXFileReference; lastKnownFileType = sourcecode.swift; path = CalculatorClearLastInputTests.swift; sourceTree = "<group>"; };
		5F167CBA29C230680003799F /* ReusableCommonButton.swift */ = {isa = PBXFileReference; lastKnownFileType = sourcecode.swift; path = ReusableCommonButton.swift; sourceTree = "<group>"; };
		5F1E48CA29E72A0300750160 /* NSExpressionExtensionTests.swift */ = {isa = PBXFileReference; lastKnownFileType = sourcecode.swift; path = NSExpressionExtensionTests.swift; sourceTree = "<group>"; };
		5F3A921729C4E0BA00A11472 /* UIConstants.swift */ = {isa = PBXFileReference; lastKnownFileType = sourcecode.swift; path = UIConstants.swift; sourceTree = "<group>"; };
		5F405CA529BF864A00FB8687 /* Poppins-BoldItalic.ttf */ = {isa = PBXFileReference; lastKnownFileType = file; path = "Poppins-BoldItalic.ttf"; sourceTree = "<group>"; };
		5F405CA629BF864A00FB8687 /* Poppins-ExtraBold.ttf */ = {isa = PBXFileReference; lastKnownFileType = file; path = "Poppins-ExtraBold.ttf"; sourceTree = "<group>"; };
		5F405CA729BF864A00FB8687 /* Poppins-Black.ttf */ = {isa = PBXFileReference; lastKnownFileType = file; path = "Poppins-Black.ttf"; sourceTree = "<group>"; };
		5F405CA829BF864A00FB8687 /* Poppins-MediumItalic.ttf */ = {isa = PBXFileReference; lastKnownFileType = file; path = "Poppins-MediumItalic.ttf"; sourceTree = "<group>"; };
		5F405CA929BF864A00FB8687 /* Poppins-Regular.ttf */ = {isa = PBXFileReference; lastKnownFileType = file; path = "Poppins-Regular.ttf"; sourceTree = "<group>"; };
		5F405CAA29BF864A00FB8687 /* Poppins-Light.ttf */ = {isa = PBXFileReference; lastKnownFileType = file; path = "Poppins-Light.ttf"; sourceTree = "<group>"; };
		5F405CAB29BF864A00FB8687 /* Poppins-SemiBold.ttf */ = {isa = PBXFileReference; lastKnownFileType = file; path = "Poppins-SemiBold.ttf"; sourceTree = "<group>"; };
		5F405CAC29BF864A00FB8687 /* Poppins-LightItalic.ttf */ = {isa = PBXFileReference; lastKnownFileType = file; path = "Poppins-LightItalic.ttf"; sourceTree = "<group>"; };
		5F405CAD29BF864A00FB8687 /* Poppins-Italic.ttf */ = {isa = PBXFileReference; lastKnownFileType = file; path = "Poppins-Italic.ttf"; sourceTree = "<group>"; };
		5F405CAE29BF864A00FB8687 /* Poppins-BlackItalic.ttf */ = {isa = PBXFileReference; lastKnownFileType = file; path = "Poppins-BlackItalic.ttf"; sourceTree = "<group>"; };
		5F405CAF29BF864A00FB8687 /* Poppins-ThinItalic.ttf */ = {isa = PBXFileReference; lastKnownFileType = file; path = "Poppins-ThinItalic.ttf"; sourceTree = "<group>"; };
		5F405CB029BF864B00FB8687 /* Poppins-Medium.ttf */ = {isa = PBXFileReference; lastKnownFileType = file; path = "Poppins-Medium.ttf"; sourceTree = "<group>"; };
		5F405CB129BF864B00FB8687 /* Poppins-Bold.ttf */ = {isa = PBXFileReference; lastKnownFileType = file; path = "Poppins-Bold.ttf"; sourceTree = "<group>"; };
		5F405CB229BF864B00FB8687 /* Poppins-ExtraLight.ttf */ = {isa = PBXFileReference; lastKnownFileType = file; path = "Poppins-ExtraLight.ttf"; sourceTree = "<group>"; };
		5F405CB329BF864B00FB8687 /* Poppins-ExtraLightItalic.ttf */ = {isa = PBXFileReference; lastKnownFileType = file; path = "Poppins-ExtraLightItalic.ttf"; sourceTree = "<group>"; };
		5F405CB429BF864B00FB8687 /* Poppins-SemiBoldItalic.ttf */ = {isa = PBXFileReference; lastKnownFileType = file; path = "Poppins-SemiBoldItalic.ttf"; sourceTree = "<group>"; };
		5F405CB529BF864B00FB8687 /* Poppins-ExtraBoldItalic.ttf */ = {isa = PBXFileReference; lastKnownFileType = file; path = "Poppins-ExtraBoldItalic.ttf"; sourceTree = "<group>"; };
		5F405CB629BF864B00FB8687 /* Poppins-Thin.ttf */ = {isa = PBXFileReference; lastKnownFileType = file; path = "Poppins-Thin.ttf"; sourceTree = "<group>"; };
		5F405CC929BF95A300FB8687 /* CalculatorButton.swift */ = {isa = PBXFileReference; lastKnownFileType = sourcecode.swift; path = CalculatorButton.swift; sourceTree = "<group>"; };
		5F6CC45329DCD21C00D072B4 /* NSExpressionExtension.swift */ = {isa = PBXFileReference; lastKnownFileType = sourcecode.swift; path = NSExpressionExtension.swift; sourceTree = "<group>"; };
		5F6D073D29E4D98200AE08D4 /* Calculator-iOS-Release.app */ = {isa = PBXFileReference; explicitFileType = wrapper.application; includeInIndex = 0; path = "Calculator-iOS-Release.app"; sourceTree = BUILT_PRODUCTS_DIR; };
		5F93477429CBD4DF002D04BC /* CalculatorServiceProtocol.swift */ = {isa = PBXFileReference; lastKnownFileType = sourcecode.swift; path = CalculatorServiceProtocol.swift; sourceTree = "<group>"; };
		5F93477629CBD4FA002D04BC /* CalculatorService.swift */ = {isa = PBXFileReference; lastKnownFileType = sourcecode.swift; path = CalculatorService.swift; sourceTree = "<group>"; };
		5FC863A529CE1B400095BD87 /* ReusableStackView.swift */ = {isa = PBXFileReference; lastKnownFileType = sourcecode.swift; path = ReusableStackView.swift; sourceTree = "<group>"; };
		5FC863A729CE1CA70095BD87 /* ReusableStackViewModel.swift */ = {isa = PBXFileReference; lastKnownFileType = sourcecode.swift; path = ReusableStackViewModel.swift; sourceTree = "<group>"; };
		5FC863A929CE2B350095BD87 /* StackViewsStyles.swift */ = {isa = PBXFileReference; lastKnownFileType = sourcecode.swift; path = StackViewsStyles.swift; sourceTree = "<group>"; };
		5FC863AB29CE6A6F0095BD87 /* Constraints.swift */ = {isa = PBXFileReference; lastKnownFileType = sourcecode.swift; path = Constraints.swift; sourceTree = "<group>"; };
		5FEF7E6C29E7796200D6BFCC /* AccessibilityIdentifiers.swift */ = {isa = PBXFileReference; lastKnownFileType = sourcecode.swift; path = AccessibilityIdentifiers.swift; sourceTree = "<group>"; };
		5FFEF6E729CCB3CB003715AD /* ButtonStyles.swift */ = {isa = PBXFileReference; lastKnownFileType = sourcecode.swift; path = ButtonStyles.swift; sourceTree = "<group>"; };
		5FFEF6EC29CD1F7D003715AD /* StackViewsData.swift */ = {isa = PBXFileReference; lastKnownFileType = sourcecode.swift; path = StackViewsData.swift; sourceTree = "<group>"; };
		77C2F048D6901DC5382FCCED /* Pods_App_Calculator_iOSTests.framework */ = {isa = PBXFileReference; explicitFileType = wrapper.framework; includeInIndex = 0; path = Pods_App_Calculator_iOSTests.framework; sourceTree = BUILT_PRODUCTS_DIR; };
		79363AF023610BE014D3710A /* Pods-App-Calculator-iOS-Release.debug.xcconfig */ = {isa = PBXFileReference; includeInIndex = 1; lastKnownFileType = text.xcconfig; name = "Pods-App-Calculator-iOS-Release.debug.xcconfig"; path = "Target Support Files/Pods-App-Calculator-iOS-Release/Pods-App-Calculator-iOS-Release.debug.xcconfig"; sourceTree = "<group>"; };
		7E527D6971AF38358183E1DF /* Pods-App-Calculator-iOS-Dev.release.xcconfig */ = {isa = PBXFileReference; includeInIndex = 1; lastKnownFileType = text.xcconfig; name = "Pods-App-Calculator-iOS-Dev.release.xcconfig"; path = "Target Support Files/Pods-App-Calculator-iOS-Dev/Pods-App-Calculator-iOS-Dev.release.xcconfig"; sourceTree = "<group>"; };
		830E010DD71219AEF997685E /* Pods-App-Calculator-iOSUITests.debug.xcconfig */ = {isa = PBXFileReference; includeInIndex = 1; lastKnownFileType = text.xcconfig; name = "Pods-App-Calculator-iOSUITests.debug.xcconfig"; path = "Target Support Files/Pods-App-Calculator-iOSUITests/Pods-App-Calculator-iOSUITests.debug.xcconfig"; sourceTree = "<group>"; };
		ACFFD025F4BBB29EE4434F20 /* Pods-App-Calculator-iOSTests.release.xcconfig */ = {isa = PBXFileReference; includeInIndex = 1; lastKnownFileType = text.xcconfig; name = "Pods-App-Calculator-iOSTests.release.xcconfig"; path = "Target Support Files/Pods-App-Calculator-iOSTests/Pods-App-Calculator-iOSTests.release.xcconfig"; sourceTree = "<group>"; };
		B18691BB1057DB73C976D52E /* Pods-App-Calculator-iOSUITests.release.xcconfig */ = {isa = PBXFileReference; includeInIndex = 1; lastKnownFileType = text.xcconfig; name = "Pods-App-Calculator-iOSUITests.release.xcconfig"; path = "Target Support Files/Pods-App-Calculator-iOSUITests/Pods-App-Calculator-iOSUITests.release.xcconfig"; sourceTree = "<group>"; };
		C5C16A0132AA31A8EA5B4B45 /* Pods-App-Calculator-iOS-Dev.debug.xcconfig */ = {isa = PBXFileReference; includeInIndex = 1; lastKnownFileType = text.xcconfig; name = "Pods-App-Calculator-iOS-Dev.debug.xcconfig"; path = "Target Support Files/Pods-App-Calculator-iOS-Dev/Pods-App-Calculator-iOS-Dev.debug.xcconfig"; sourceTree = "<group>"; };
		CAF9EF525AA496DB0438650C /* Pods_App_Calculator_iOS_Release.framework */ = {isa = PBXFileReference; explicitFileType = wrapper.framework; includeInIndex = 0; path = Pods_App_Calculator_iOS_Release.framework; sourceTree = BUILT_PRODUCTS_DIR; };
		E7215F0D562535FD8E8DAA68 /* Pods_App_Calculator_iOS_Dev.framework */ = {isa = PBXFileReference; explicitFileType = wrapper.framework; includeInIndex = 0; path = Pods_App_Calculator_iOS_Dev.framework; sourceTree = BUILT_PRODUCTS_DIR; };
/* End PBXFileReference section */

/* Begin PBXFrameworksBuildPhase section */
		04B8E8E62801F3B800EF70CD /* Frameworks */ = {
			isa = PBXFrameworksBuildPhase;
			buildActionMask = 2147483647;
			files = (
				6D36B356A3C3C6808B2CBB40 /* Pods_App_Calculator_iOS_Dev.framework in Frameworks */,
			);
			runOnlyForDeploymentPostprocessing = 0;
		};
		04B8E8FC2801F3C300EF70CD /* Frameworks */ = {
			isa = PBXFrameworksBuildPhase;
			buildActionMask = 2147483647;
			files = (
				20716530858533A383C96833 /* Pods_App_Calculator_iOSTests.framework in Frameworks */,
			);
			runOnlyForDeploymentPostprocessing = 0;
		};
		04B8E9062801F3C300EF70CD /* Frameworks */ = {
			isa = PBXFrameworksBuildPhase;
			buildActionMask = 2147483647;
			files = (
				D4C94A0200D56DBF180045C7 /* Pods_App_Calculator_iOSUITests.framework in Frameworks */,
			);
			runOnlyForDeploymentPostprocessing = 0;
		};
		5F6D072129E4D98200AE08D4 /* Frameworks */ = {
			isa = PBXFrameworksBuildPhase;
			buildActionMask = 2147483647;
			files = (
				3E560F83CA222F5068AFF134 /* Pods_App_Calculator_iOS_Release.framework in Frameworks */,
			);
			runOnlyForDeploymentPostprocessing = 0;
		};
/* End PBXFrameworksBuildPhase section */

/* Begin PBXGroup section */
		04607E002808B1B000C402AB /* Extensions */ = {
			isa = PBXGroup;
			children = (
				04607E012808B1B000C402AB /* XCTest */,
				04607E042808B1B000C402AB /* UIKit */,
				04607E072808B1B000C402AB /* FBSnapshotTestCase */,
			);
			path = Extensions;
			sourceTree = "<group>";
		};
		04607E012808B1B000C402AB /* XCTest */ = {
			isa = PBXGroup;
			children = (
				04607E022808B1B000C402AB /* XCUIElementQuery+Tap.swift */,
				04607E032808B1B000C402AB /* XCTestCase+Screenshot.swift */,
			);
			path = XCTest;
			sourceTree = "<group>";
		};
		04607E042808B1B000C402AB /* UIKit */ = {
			isa = PBXGroup;
			children = (
				04607E052808B1B000C402AB /* UIDevice+Model.swift */,
				04607E062808B1B000C402AB /* UIImage+StatusBar.swift */,
			);
			path = UIKit;
			sourceTree = "<group>";
		};
		04607E072808B1B000C402AB /* FBSnapshotTestCase */ = {
			isa = PBXGroup;
			children = (
				04607E082808B1B000C402AB /* FBSnapshotTestCase+Screenshot.swift */,
			);
			path = FBSnapshotTestCase;
			sourceTree = "<group>";
		};
		04607E0E2808B1C400C402AB /* Utilities */ = {
			isa = PBXGroup;
			children = (
				04607E0F2808B1C400C402AB /* SnapshotHelper.swift */,
			);
			path = Utilities;
			sourceTree = "<group>";
		};
		04987FA42801FCB0001D303B /* Application */ = {
			isa = PBXGroup;
			children = (
				04B8E91D2801F40200EF70CD /* SceneDelegate */,
				04B8E91C2801F3F700EF70CD /* AppDelegate */,
			);
			path = Application;
			sourceTree = "<group>";
		};
		04B8E8E02801F3B800EF70CD = {
			isa = PBXGroup;
			children = (
				04B8E8EB2801F3B800EF70CD /* Calculator-iOS */,
				04B8E9022801F3C300EF70CD /* Calculator-iOSTests */,
				04B8E90C2801F3C300EF70CD /* Calculator-iOSUITests */,
				04B8E8EA2801F3B800EF70CD /* Products */,
				A1A2A752A078058BA3AF95FA /* Pods */,
				2515173EBCF14E4529C55904 /* Frameworks */,
			);
			sourceTree = "<group>";
		};
		04B8E8EA2801F3B800EF70CD /* Products */ = {
			isa = PBXGroup;
			children = (
				04B8E8E92801F3B800EF70CD /* Calculator-iOS-Dev.app */,
				04B8E8FF2801F3C300EF70CD /* Calculator-iOSTests.xctest */,
				04B8E9092801F3C300EF70CD /* Calculator-iOSUITests.xctest */,
				5F6D073D29E4D98200AE08D4 /* Calculator-iOS-Release.app */,
			);
			name = Products;
			sourceTree = "<group>";
		};
		04B8E8EB2801F3B800EF70CD /* Calculator-iOS */ = {
			isa = PBXGroup;
			children = (
				5FC863AD29CE6AAA0095BD87 /* Extensions */,
				5F3A921629C4E09D00A11472 /* Constants */,
				5F405CA329BF85FD00FB8687 /* Fonts */,
				04B8E91F2801F54700EF70CD /* BundleFiles */,
				04987FA42801FCB0001D303B /* Application */,
				04B8E91E2801F53A00EF70CD /* Resources */,
				04B8E9262801F5CF00EF70CD /* Services */,
				04B8E9232801F58F00EF70CD /* UserStory */,
				04D52D4E2809EBB600D4C010 /* CoreUI */,
			);
			path = "Calculator-iOS";
			sourceTree = "<group>";
		};
		04B8E9022801F3C300EF70CD /* Calculator-iOSTests */ = {
			isa = PBXGroup;
			children = (
				04B8E9032801F3C300EF70CD /* CalculatoriOSTests.swift */,
				5F1E48CA29E72A0300750160 /* NSExpressionExtensionTests.swift */,
				5F13340229E85AF9005F6098 /* CalculatorServiceOperationsTests.swift */,
				5F13340429E85DC4005F6098 /* CalculatorClearLastInputTests.swift */,
			);
			path = "Calculator-iOSTests";
			sourceTree = "<group>";
		};
		04B8E90C2801F3C300EF70CD /* Calculator-iOSUITests */ = {
			isa = PBXGroup;
			children = (
				04607E0E2808B1C400C402AB /* Utilities */,
				04607E002808B1B000C402AB /* Extensions */,
				04B8E90D2801F3C300EF70CD /* CalculatoriOSUITests.swift */,
				04B8E90F2801F3C300EF70CD /* CalculatoriOSUITestsLaunchTests.swift */,
				5F0E64FD29EDED550001A13E /* CalculatorOperationsUITests.swift */,
			);
			path = "Calculator-iOSUITests";
			sourceTree = "<group>";
		};
		04B8E91C2801F3F700EF70CD /* AppDelegate */ = {
			isa = PBXGroup;
			children = (
				04B8E8EC2801F3B800EF70CD /* AppDelegate.swift */,
			);
			path = AppDelegate;
			sourceTree = "<group>";
		};
		04B8E91D2801F40200EF70CD /* SceneDelegate */ = {
			isa = PBXGroup;
			children = (
				04B8E8EE2801F3B800EF70CD /* SceneDelegate.swift */,
			);
			path = SceneDelegate;
			sourceTree = "<group>";
		};
		04B8E91E2801F53A00EF70CD /* Resources */ = {
			isa = PBXGroup;
			children = (
				04B8E9222801F57E00EF70CD /* Images */,
				04B8E9202801F54F00EF70CD /* LaunchScreen */,
			);
			path = Resources;
			sourceTree = "<group>";
		};
		04B8E91F2801F54700EF70CD /* BundleFiles */ = {
			isa = PBXGroup;
			children = (
				04B8E9212801F56500EF70CD /* Plist */,
			);
			path = BundleFiles;
			sourceTree = "<group>";
		};
		04B8E9202801F54F00EF70CD /* LaunchScreen */ = {
			isa = PBXGroup;
			children = (
				04B8E8F72801F3C300EF70CD /* LaunchScreen.storyboard */,
			);
			path = LaunchScreen;
			sourceTree = "<group>";
		};
		04B8E9212801F56500EF70CD /* Plist */ = {
			isa = PBXGroup;
			children = (
				04B8E8FA2801F3C300EF70CD /* Info.plist */,
			);
			path = Plist;
			sourceTree = "<group>";
		};
		04B8E9222801F57E00EF70CD /* Images */ = {
			isa = PBXGroup;
			children = (
				04B8E8F52801F3C300EF70CD /* Assets.xcassets */,
			);
			path = Images;
			sourceTree = "<group>";
		};
		04B8E9232801F58F00EF70CD /* UserStory */ = {
			isa = PBXGroup;
			children = (
				04B8E9252801F5C500EF70CD /* MainScreen */,
			);
			path = UserStory;
			sourceTree = "<group>";
		};
		04B8E9252801F5C500EF70CD /* MainScreen */ = {
			isa = PBXGroup;
			children = (
				04B8E8F02801F3B800EF70CD /* MainViewController.swift */,
				04B8E8F22801F3B800EF70CD /* MainViewController.storyboard */,
			);
			path = MainScreen;
			sourceTree = "<group>";
		};
		04B8E9262801F5CF00EF70CD /* Services */ = {
			isa = PBXGroup;
			children = (
				049296762807560800878EDB /* TODO.txt */,
				5F93477429CBD4DF002D04BC /* CalculatorServiceProtocol.swift */,
				5F93477629CBD4FA002D04BC /* CalculatorService.swift */,
			);
			path = Services;
			sourceTree = "<group>";
		};
		04D52D4E2809EBB600D4C010 /* CoreUI */ = {
			isa = PBXGroup;
			children = (
				5F405CC929BF95A300FB8687 /* CalculatorButton.swift */,
				5F167CBA29C230680003799F /* ReusableCommonButton.swift */,
				5FFEF6E729CCB3CB003715AD /* ButtonStyles.swift */,
				5FFEF6EC29CD1F7D003715AD /* StackViewsData.swift */,
				5FC863A529CE1B400095BD87 /* ReusableStackView.swift */,
				5FC863A729CE1CA70095BD87 /* ReusableStackViewModel.swift */,
				5FC863A929CE2B350095BD87 /* StackViewsStyles.swift */,
				5FC863AB29CE6A6F0095BD87 /* Constraints.swift */,
				5FEF7E6C29E7796200D6BFCC /* AccessibilityIdentifiers.swift */,
			);
			path = CoreUI;
			sourceTree = "<group>";
		};
		2515173EBCF14E4529C55904 /* Frameworks */ = {
			isa = PBXGroup;
			children = (
				77C2F048D6901DC5382FCCED /* Pods_App_Calculator_iOSTests.framework */,
				44ECBB306DB0E87790B171D8 /* Pods_App_Calculator_iOSUITests.framework */,
				E7215F0D562535FD8E8DAA68 /* Pods_App_Calculator_iOS_Dev.framework */,
				CAF9EF525AA496DB0438650C /* Pods_App_Calculator_iOS_Release.framework */,
			);
			name = Frameworks;
			sourceTree = "<group>";
		};
		5F3A921629C4E09D00A11472 /* Constants */ = {
			isa = PBXGroup;
			children = (
				5F3A921729C4E0BA00A11472 /* UIConstants.swift */,
			);
			path = Constants;
			sourceTree = "<group>";
		};
		5F405CA329BF85FD00FB8687 /* Fonts */ = {
			isa = PBXGroup;
			children = (
				5F405CA429BF860900FB8687 /* Poppins */,
			);
			path = Fonts;
			sourceTree = "<group>";
		};
		5F405CA429BF860900FB8687 /* Poppins */ = {
			isa = PBXGroup;
			children = (
				5F405CA729BF864A00FB8687 /* Poppins-Black.ttf */,
				5F405CAE29BF864A00FB8687 /* Poppins-BlackItalic.ttf */,
				5F405CB129BF864B00FB8687 /* Poppins-Bold.ttf */,
				5F405CA529BF864A00FB8687 /* Poppins-BoldItalic.ttf */,
				5F405CA629BF864A00FB8687 /* Poppins-ExtraBold.ttf */,
				5F405CB529BF864B00FB8687 /* Poppins-ExtraBoldItalic.ttf */,
				5F405CB229BF864B00FB8687 /* Poppins-ExtraLight.ttf */,
				5F405CB329BF864B00FB8687 /* Poppins-ExtraLightItalic.ttf */,
				5F405CAD29BF864A00FB8687 /* Poppins-Italic.ttf */,
				5F405CAA29BF864A00FB8687 /* Poppins-Light.ttf */,
				5F405CAC29BF864A00FB8687 /* Poppins-LightItalic.ttf */,
				5F405CB029BF864B00FB8687 /* Poppins-Medium.ttf */,
				5F405CA829BF864A00FB8687 /* Poppins-MediumItalic.ttf */,
				5F405CA929BF864A00FB8687 /* Poppins-Regular.ttf */,
				5F405CAB29BF864A00FB8687 /* Poppins-SemiBold.ttf */,
				5F405CB429BF864B00FB8687 /* Poppins-SemiBoldItalic.ttf */,
				5F405CB629BF864B00FB8687 /* Poppins-Thin.ttf */,
				5F405CAF29BF864A00FB8687 /* Poppins-ThinItalic.ttf */,
			);
			path = Poppins;
			sourceTree = "<group>";
		};
		5FC863AD29CE6AAA0095BD87 /* Extensions */ = {
			isa = PBXGroup;
			children = (
				5F6CC45329DCD21C00D072B4 /* NSExpressionExtension.swift */,
			);
			path = Extensions;
			sourceTree = "<group>";
		};
		A1A2A752A078058BA3AF95FA /* Pods */ = {
			isa = PBXGroup;
			children = (
				341ABA3C7AC3E3F4BAF7250F /* Pods-App-Calculator-iOSTests.debug.xcconfig */,
				ACFFD025F4BBB29EE4434F20 /* Pods-App-Calculator-iOSTests.release.xcconfig */,
				830E010DD71219AEF997685E /* Pods-App-Calculator-iOSUITests.debug.xcconfig */,
				B18691BB1057DB73C976D52E /* Pods-App-Calculator-iOSUITests.release.xcconfig */,
				C5C16A0132AA31A8EA5B4B45 /* Pods-App-Calculator-iOS-Dev.debug.xcconfig */,
				7E527D6971AF38358183E1DF /* Pods-App-Calculator-iOS-Dev.release.xcconfig */,
				79363AF023610BE014D3710A /* Pods-App-Calculator-iOS-Release.debug.xcconfig */,
				05C340AB0FCE106DD1EC5110 /* Pods-App-Calculator-iOS-Release.release.xcconfig */,
			);
			path = Pods;
			sourceTree = "<group>";
		};
/* End PBXGroup section */

/* Begin PBXNativeTarget section */
		04B8E8E82801F3B800EF70CD /* Calculator-iOS-Dev */ = {
			isa = PBXNativeTarget;
			buildConfigurationList = 04B8E9132801F3C300EF70CD /* Build configuration list for PBXNativeTarget "Calculator-iOS-Dev" */;
			buildPhases = (
				4B1ED002127A29A8B2526F9A /* [CP] Check Pods Manifest.lock */,
				04442DED2801FAFE00B9DE26 /* SwiftLint */,
				04B8E8E52801F3B800EF70CD /* Sources */,
				04B8E8E62801F3B800EF70CD /* Frameworks */,
				04B8E8E72801F3B800EF70CD /* Resources */,
			);
			buildRules = (
			);
			dependencies = (
			);
			name = "Calculator-iOS-Dev";
			productName = "Calculator-iOS";
			productReference = 04B8E8E92801F3B800EF70CD /* Calculator-iOS-Dev.app */;
			productType = "com.apple.product-type.application";
		};
		04B8E8FE2801F3C300EF70CD /* Calculator-iOSTests */ = {
			isa = PBXNativeTarget;
			buildConfigurationList = 04B8E9162801F3C300EF70CD /* Build configuration list for PBXNativeTarget "Calculator-iOSTests" */;
			buildPhases = (
				978058A73B01C5EC1B77725D /* [CP] Check Pods Manifest.lock */,
				04442DEC2801FAED00B9DE26 /* SwiftLint */,
				04B8E8FB2801F3C300EF70CD /* Sources */,
				04B8E8FC2801F3C300EF70CD /* Frameworks */,
				04B8E8FD2801F3C300EF70CD /* Resources */,
				819D76243F1422915EA3496A /* [CP] Embed Pods Frameworks */,
			);
			buildRules = (
			);
			dependencies = (
				04B8E9012801F3C300EF70CD /* PBXTargetDependency */,
			);
			name = "Calculator-iOSTests";
			productName = "Calculator-iOSTests";
			productReference = 04B8E8FF2801F3C300EF70CD /* Calculator-iOSTests.xctest */;
			productType = "com.apple.product-type.bundle.unit-test";
		};
		04B8E9082801F3C300EF70CD /* Calculator-iOSUITests */ = {
			isa = PBXNativeTarget;
			buildConfigurationList = 04B8E9192801F3C300EF70CD /* Build configuration list for PBXNativeTarget "Calculator-iOSUITests" */;
			buildPhases = (
				B6439826379289B928F53B66 /* [CP] Check Pods Manifest.lock */,
				04442DEB2801FAB700B9DE26 /* SwiftLint */,
				04B8E9052801F3C300EF70CD /* Sources */,
				04B8E9062801F3C300EF70CD /* Frameworks */,
				04B8E9072801F3C300EF70CD /* Resources */,
				EBF56D800E5017B4D129869C /* [CP] Embed Pods Frameworks */,
			);
			buildRules = (
			);
			dependencies = (
				04B8E90B2801F3C300EF70CD /* PBXTargetDependency */,
				5F4FAF2029EA0A7B00B5C74A /* PBXTargetDependency */,
			);
			name = "Calculator-iOSUITests";
			productName = "Calculator-iOSUITests";
			productReference = 04B8E9092801F3C300EF70CD /* Calculator-iOSUITests.xctest */;
			productType = "com.apple.product-type.bundle.ui-testing";
		};
		5F6D070E29E4D98200AE08D4 /* Calculator-iOS-Release */ = {
			isa = PBXNativeTarget;
			buildConfigurationList = 5F6D073A29E4D98200AE08D4 /* Build configuration list for PBXNativeTarget "Calculator-iOS-Release" */;
			buildPhases = (
				8049D8D23E83C8A82C7C6F65 /* [CP] Check Pods Manifest.lock */,
				5F6D071029E4D98200AE08D4 /* SwiftLint */,
				5F6D071129E4D98200AE08D4 /* Sources */,
				5F6D072129E4D98200AE08D4 /* Frameworks */,
				5F6D072329E4D98200AE08D4 /* Resources */,
			);
			buildRules = (
			);
			dependencies = (
			);
			name = "Calculator-iOS-Release";
			productName = "Calculator-iOS";
			productReference = 5F6D073D29E4D98200AE08D4 /* Calculator-iOS-Release.app */;
			productType = "com.apple.product-type.application";
		};
/* End PBXNativeTarget section */

/* Begin PBXProject section */
		04B8E8E12801F3B800EF70CD /* Project object */ = {
			isa = PBXProject;
			attributes = {
				BuildIndependentTargetsInParallel = 1;
				LastSwiftUpdateCheck = 1330;
				LastUpgradeCheck = 1330;
				ORGANIZATIONNAME = "Grid Dynamics";
				TargetAttributes = {
					04B8E8E82801F3B800EF70CD = {
						CreatedOnToolsVersion = 13.3;
					};
					04B8E8FE2801F3C300EF70CD = {
						CreatedOnToolsVersion = 13.3;
						TestTargetID = 04B8E8E82801F3B800EF70CD;
					};
					04B8E9082801F3C300EF70CD = {
						CreatedOnToolsVersion = 13.3;
						TestTargetID = 04B8E8E82801F3B800EF70CD;
					};
				};
			};
			buildConfigurationList = 04B8E8E42801F3B800EF70CD /* Build configuration list for PBXProject "Calculator-iOS" */;
			compatibilityVersion = "Xcode 13.0";
			developmentRegion = en;
			hasScannedForEncodings = 0;
			knownRegions = (
				en,
				Base,
			);
			mainGroup = 04B8E8E02801F3B800EF70CD;
			productRefGroup = 04B8E8EA2801F3B800EF70CD /* Products */;
			projectDirPath = "";
			projectRoot = "";
			targets = (
				04B8E8E82801F3B800EF70CD /* Calculator-iOS-Dev */,
				04B8E8FE2801F3C300EF70CD /* Calculator-iOSTests */,
				04B8E9082801F3C300EF70CD /* Calculator-iOSUITests */,
				5F6D070E29E4D98200AE08D4 /* Calculator-iOS-Release */,
			);
		};
/* End PBXProject section */

/* Begin PBXResourcesBuildPhase section */
		04B8E8E72801F3B800EF70CD /* Resources */ = {
			isa = PBXResourcesBuildPhase;
			buildActionMask = 2147483647;
			files = (
				049296772807560800878EDB /* TODO.txt in Resources */,
				5F405CBC29BF864B00FB8687 /* Poppins-Light.ttf in Resources */,
				5F405CC529BF864B00FB8687 /* Poppins-ExtraLightItalic.ttf in Resources */,
				5F405CC729BF864B00FB8687 /* Poppins-ExtraBoldItalic.ttf in Resources */,
				5F405CBD29BF864B00FB8687 /* Poppins-SemiBold.ttf in Resources */,
				5F405CBA29BF864B00FB8687 /* Poppins-MediumItalic.ttf in Resources */,
				5F405CC629BF864B00FB8687 /* Poppins-SemiBoldItalic.ttf in Resources */,
				04B8E8F92801F3C300EF70CD /* LaunchScreen.storyboard in Resources */,
				5F405CC229BF864B00FB8687 /* Poppins-Medium.ttf in Resources */,
				5F405CC829BF864B00FB8687 /* Poppins-Thin.ttf in Resources */,
				5F405CBB29BF864B00FB8687 /* Poppins-Regular.ttf in Resources */,
				04B8E8F62801F3C300EF70CD /* Assets.xcassets in Resources */,
				5F405CBF29BF864B00FB8687 /* Poppins-Italic.ttf in Resources */,
				5F405CC029BF864B00FB8687 /* Poppins-BlackItalic.ttf in Resources */,
				5F405CBE29BF864B00FB8687 /* Poppins-LightItalic.ttf in Resources */,
				5F405CB929BF864B00FB8687 /* Poppins-Black.ttf in Resources */,
				5F405CC429BF864B00FB8687 /* Poppins-ExtraLight.ttf in Resources */,
				5F405CC329BF864B00FB8687 /* Poppins-Bold.ttf in Resources */,
				04B8E8F42801F3B800EF70CD /* MainViewController.storyboard in Resources */,
				5F405CC129BF864B00FB8687 /* Poppins-ThinItalic.ttf in Resources */,
				5F405CB829BF864B00FB8687 /* Poppins-ExtraBold.ttf in Resources */,
				5F405CB729BF864B00FB8687 /* Poppins-BoldItalic.ttf in Resources */,
			);
			runOnlyForDeploymentPostprocessing = 0;
		};
		04B8E8FD2801F3C300EF70CD /* Resources */ = {
			isa = PBXResourcesBuildPhase;
			buildActionMask = 2147483647;
			files = (
			);
			runOnlyForDeploymentPostprocessing = 0;
		};
		04B8E9072801F3C300EF70CD /* Resources */ = {
			isa = PBXResourcesBuildPhase;
			buildActionMask = 2147483647;
			files = (
			);
			runOnlyForDeploymentPostprocessing = 0;
		};
		5F6D072329E4D98200AE08D4 /* Resources */ = {
			isa = PBXResourcesBuildPhase;
			buildActionMask = 2147483647;
			files = (
				5F6D072429E4D98200AE08D4 /* TODO.txt in Resources */,
				5F6D072529E4D98200AE08D4 /* Poppins-Light.ttf in Resources */,
				5F6D072629E4D98200AE08D4 /* Poppins-ExtraLightItalic.ttf in Resources */,
				5F6D072729E4D98200AE08D4 /* Poppins-ExtraBoldItalic.ttf in Resources */,
				5F6D072829E4D98200AE08D4 /* Poppins-SemiBold.ttf in Resources */,
				5F6D072929E4D98200AE08D4 /* Poppins-MediumItalic.ttf in Resources */,
				5F6D072A29E4D98200AE08D4 /* Poppins-SemiBoldItalic.ttf in Resources */,
				5F6D072B29E4D98200AE08D4 /* LaunchScreen.storyboard in Resources */,
				5F6D072C29E4D98200AE08D4 /* Poppins-Medium.ttf in Resources */,
				5F6D072D29E4D98200AE08D4 /* Poppins-Thin.ttf in Resources */,
				5F6D072E29E4D98200AE08D4 /* Poppins-Regular.ttf in Resources */,
				5F6D072F29E4D98200AE08D4 /* Assets.xcassets in Resources */,
				5F6D073029E4D98200AE08D4 /* Poppins-Italic.ttf in Resources */,
				5F6D073129E4D98200AE08D4 /* Poppins-BlackItalic.ttf in Resources */,
				5F6D073229E4D98200AE08D4 /* Poppins-LightItalic.ttf in Resources */,
				5F6D073329E4D98200AE08D4 /* Poppins-Black.ttf in Resources */,
				5F6D073429E4D98200AE08D4 /* Poppins-ExtraLight.ttf in Resources */,
				5F6D073529E4D98200AE08D4 /* Poppins-Bold.ttf in Resources */,
				5F6D073629E4D98200AE08D4 /* MainViewController.storyboard in Resources */,
				5F6D073729E4D98200AE08D4 /* Poppins-ThinItalic.ttf in Resources */,
				5F6D073829E4D98200AE08D4 /* Poppins-ExtraBold.ttf in Resources */,
				5F6D073929E4D98200AE08D4 /* Poppins-BoldItalic.ttf in Resources */,
			);
			runOnlyForDeploymentPostprocessing = 0;
		};
/* End PBXResourcesBuildPhase section */

/* Begin PBXShellScriptBuildPhase section */
		04442DEB2801FAB700B9DE26 /* SwiftLint */ = {
			isa = PBXShellScriptBuildPhase;
			buildActionMask = 2147483647;
			files = (
			);
			inputFileListPaths = (
			);
			inputPaths = (
			);
			name = SwiftLint;
			outputFileListPaths = (
			);
			outputPaths = (
			);
			runOnlyForDeploymentPostprocessing = 0;
			shellPath = /bin/sh;
			shellScript = "\"${PODS_ROOT}/SwiftLint/swiftlint\"\n";
		};
		04442DEC2801FAED00B9DE26 /* SwiftLint */ = {
			isa = PBXShellScriptBuildPhase;
			buildActionMask = 2147483647;
			files = (
			);
			inputFileListPaths = (
			);
			inputPaths = (
			);
			name = SwiftLint;
			outputFileListPaths = (
			);
			outputPaths = (
			);
			runOnlyForDeploymentPostprocessing = 0;
			shellPath = /bin/sh;
			shellScript = "\"${PODS_ROOT}/SwiftLint/swiftlint\"\n";
		};
		04442DED2801FAFE00B9DE26 /* SwiftLint */ = {
			isa = PBXShellScriptBuildPhase;
			buildActionMask = 2147483647;
			files = (
			);
			inputFileListPaths = (
			);
			inputPaths = (
			);
			name = SwiftLint;
			outputFileListPaths = (
			);
			outputPaths = (
			);
			runOnlyForDeploymentPostprocessing = 0;
			shellPath = /bin/sh;
			shellScript = "\"${PODS_ROOT}/SwiftLint/swiftlint\"\n";
		};
		4B1ED002127A29A8B2526F9A /* [CP] Check Pods Manifest.lock */ = {
			isa = PBXShellScriptBuildPhase;
			buildActionMask = 2147483647;
			files = (
			);
			inputFileListPaths = (
			);
			inputPaths = (
				"${PODS_PODFILE_DIR_PATH}/Podfile.lock",
				"${PODS_ROOT}/Manifest.lock",
			);
			name = "[CP] Check Pods Manifest.lock";
			outputFileListPaths = (
			);
			outputPaths = (
				"$(DERIVED_FILE_DIR)/Pods-App-Calculator-iOS-Dev-checkManifestLockResult.txt",
			);
			runOnlyForDeploymentPostprocessing = 0;
			shellPath = /bin/sh;
			shellScript = "diff \"${PODS_PODFILE_DIR_PATH}/Podfile.lock\" \"${PODS_ROOT}/Manifest.lock\" > /dev/null\nif [ $? != 0 ] ; then\n    # print error to STDERR\n    echo \"error: The sandbox is not in sync with the Podfile.lock. Run 'pod install' or update your CocoaPods installation.\" >&2\n    exit 1\nfi\n# This output is used by Xcode 'outputs' to avoid re-running this script phase.\necho \"SUCCESS\" > \"${SCRIPT_OUTPUT_FILE_0}\"\n";
		};
		5F6D071029E4D98200AE08D4 /* SwiftLint */ = {
			isa = PBXShellScriptBuildPhase;
			buildActionMask = 2147483647;
			files = (
			);
			inputFileListPaths = (
			);
			inputPaths = (
			);
			name = SwiftLint;
			outputFileListPaths = (
			);
			outputPaths = (
			);
			runOnlyForDeploymentPostprocessing = 0;
			shellPath = /bin/sh;
			shellScript = "\"${PODS_ROOT}/SwiftLint/swiftlint\"\n";
		};
		8049D8D23E83C8A82C7C6F65 /* [CP] Check Pods Manifest.lock */ = {
			isa = PBXShellScriptBuildPhase;
			buildActionMask = 2147483647;
			files = (
			);
			inputFileListPaths = (
			);
			inputPaths = (
				"${PODS_PODFILE_DIR_PATH}/Podfile.lock",
				"${PODS_ROOT}/Manifest.lock",
			);
			name = "[CP] Check Pods Manifest.lock";
			outputFileListPaths = (
			);
			outputPaths = (
				"$(DERIVED_FILE_DIR)/Pods-App-Calculator-iOS-Release-checkManifestLockResult.txt",
			);
			runOnlyForDeploymentPostprocessing = 0;
			shellPath = /bin/sh;
			shellScript = "diff \"${PODS_PODFILE_DIR_PATH}/Podfile.lock\" \"${PODS_ROOT}/Manifest.lock\" > /dev/null\nif [ $? != 0 ] ; then\n    # print error to STDERR\n    echo \"error: The sandbox is not in sync with the Podfile.lock. Run 'pod install' or update your CocoaPods installation.\" >&2\n    exit 1\nfi\n# This output is used by Xcode 'outputs' to avoid re-running this script phase.\necho \"SUCCESS\" > \"${SCRIPT_OUTPUT_FILE_0}\"\n";
			showEnvVarsInLog = 0;
		};
		819D76243F1422915EA3496A /* [CP] Embed Pods Frameworks */ = {
			isa = PBXShellScriptBuildPhase;
			buildActionMask = 2147483647;
			files = (
			);
			inputFileListPaths = (
			);
			name = "[CP] Embed Pods Frameworks";
			outputFileListPaths = (
			);
			runOnlyForDeploymentPostprocessing = 0;
			shellPath = /bin/sh;
			shellScript = "\"${PODS_ROOT}/Target Support Files/Pods-App-Calculator-iOSTests/Pods-App-Calculator-iOSTests-frameworks.sh\"\n";
			showEnvVarsInLog = 0;
		};
		978058A73B01C5EC1B77725D /* [CP] Check Pods Manifest.lock */ = {
			isa = PBXShellScriptBuildPhase;
			buildActionMask = 2147483647;
			files = (
			);
			inputFileListPaths = (
			);
			inputPaths = (
				"${PODS_PODFILE_DIR_PATH}/Podfile.lock",
				"${PODS_ROOT}/Manifest.lock",
			);
			name = "[CP] Check Pods Manifest.lock";
			outputFileListPaths = (
			);
			outputPaths = (
				"$(DERIVED_FILE_DIR)/Pods-App-Calculator-iOSTests-checkManifestLockResult.txt",
			);
			runOnlyForDeploymentPostprocessing = 0;
			shellPath = /bin/sh;
			shellScript = "diff \"${PODS_PODFILE_DIR_PATH}/Podfile.lock\" \"${PODS_ROOT}/Manifest.lock\" > /dev/null\nif [ $? != 0 ] ; then\n    # print error to STDERR\n    echo \"error: The sandbox is not in sync with the Podfile.lock. Run 'pod install' or update your CocoaPods installation.\" >&2\n    exit 1\nfi\n# This output is used by Xcode 'outputs' to avoid re-running this script phase.\necho \"SUCCESS\" > \"${SCRIPT_OUTPUT_FILE_0}\"\n";
			showEnvVarsInLog = 0;
		};
		B6439826379289B928F53B66 /* [CP] Check Pods Manifest.lock */ = {
			isa = PBXShellScriptBuildPhase;
			buildActionMask = 2147483647;
			files = (
			);
			inputFileListPaths = (
			);
			inputPaths = (
				"${PODS_PODFILE_DIR_PATH}/Podfile.lock",
				"${PODS_ROOT}/Manifest.lock",
			);
			name = "[CP] Check Pods Manifest.lock";
			outputFileListPaths = (
			);
			outputPaths = (
				"$(DERIVED_FILE_DIR)/Pods-App-Calculator-iOSUITests-checkManifestLockResult.txt",
			);
			runOnlyForDeploymentPostprocessing = 0;
			shellPath = /bin/sh;
			shellScript = "diff \"${PODS_PODFILE_DIR_PATH}/Podfile.lock\" \"${PODS_ROOT}/Manifest.lock\" > /dev/null\nif [ $? != 0 ] ; then\n    # print error to STDERR\n    echo \"error: The sandbox is not in sync with the Podfile.lock. Run 'pod install' or update your CocoaPods installation.\" >&2\n    exit 1\nfi\n# This output is used by Xcode 'outputs' to avoid re-running this script phase.\necho \"SUCCESS\" > \"${SCRIPT_OUTPUT_FILE_0}\"\n";
			showEnvVarsInLog = 0;
		};
		EBF56D800E5017B4D129869C /* [CP] Embed Pods Frameworks */ = {
			isa = PBXShellScriptBuildPhase;
			buildActionMask = 2147483647;
			files = (
			);
			inputFileListPaths = (
			);
			name = "[CP] Embed Pods Frameworks";
			outputFileListPaths = (
			);
			runOnlyForDeploymentPostprocessing = 0;
			shellPath = /bin/sh;
			shellScript = "\"${PODS_ROOT}/Target Support Files/Pods-App-Calculator-iOSUITests/Pods-App-Calculator-iOSUITests-frameworks.sh\"\n";
			showEnvVarsInLog = 0;
		};
/* End PBXShellScriptBuildPhase section */

/* Begin PBXSourcesBuildPhase section */
		04B8E8E52801F3B800EF70CD /* Sources */ = {
			isa = PBXSourcesBuildPhase;
			buildActionMask = 2147483647;
			files = (
				04B8E8F12801F3B800EF70CD /* MainViewController.swift in Sources */,
				5F167CBB29C230680003799F /* ReusableCommonButton.swift in Sources */,
				5FC863A629CE1B400095BD87 /* ReusableStackView.swift in Sources */,
				5F405CCA29BF95A300FB8687 /* CalculatorButton.swift in Sources */,
				5F6CC45429DCD21C00D072B4 /* NSExpressionExtension.swift in Sources */,
				5FC863A829CE1CA70095BD87 /* ReusableStackViewModel.swift in Sources */,
				5FFEF6E829CCB3CB003715AD /* ButtonStyles.swift in Sources */,
				5FEF7E6D29E7796200D6BFCC /* AccessibilityIdentifiers.swift in Sources */,
				5F3A921829C4E0BA00A11472 /* UIConstants.swift in Sources */,
				5FC863AA29CE2B350095BD87 /* StackViewsStyles.swift in Sources */,
				5FC863AC29CE6A6F0095BD87 /* Constraints.swift in Sources */,
				5F93477729CBD4FA002D04BC /* CalculatorService.swift in Sources */,
				04B8E8ED2801F3B800EF70CD /* AppDelegate.swift in Sources */,
				04B8E8EF2801F3B800EF70CD /* SceneDelegate.swift in Sources */,
				5FFEF6ED29CD1F7D003715AD /* StackViewsData.swift in Sources */,
				5F93477529CBD4DF002D04BC /* CalculatorServiceProtocol.swift in Sources */,
			);
			runOnlyForDeploymentPostprocessing = 0;
		};
		04B8E8FB2801F3C300EF70CD /* Sources */ = {
			isa = PBXSourcesBuildPhase;
			buildActionMask = 2147483647;
			files = (
				5F13340329E85AFA005F6098 /* CalculatorServiceOperationsTests.swift in Sources */,
				5F1E48CB29E72A0300750160 /* NSExpressionExtensionTests.swift in Sources */,
				5F3D18E629EDE095006BF536 /* AccessibilityIdentifiers.swift in Sources */,
				5F13340529E85DC4005F6098 /* CalculatorClearLastInputTests.swift in Sources */,
				04B8E9042801F3C300EF70CD /* CalculatoriOSTests.swift in Sources */,
			);
			runOnlyForDeploymentPostprocessing = 0;
		};
		04B8E9052801F3C300EF70CD /* Sources */ = {
			isa = PBXSourcesBuildPhase;
			buildActionMask = 2147483647;
			files = (
				5F3D18E529EDE092006BF536 /* AccessibilityIdentifiers.swift in Sources */,
				04B8E9102801F3C300EF70CD /* CalculatoriOSUITestsLaunchTests.swift in Sources */,
				04B8E90E2801F3C300EF70CD /* CalculatoriOSUITests.swift in Sources */,
				5F0E64FE29EDED550001A13E /* CalculatorOperationsUITests.swift in Sources */,
				04607E0A2808B1B000C402AB /* XCTestCase+Screenshot.swift in Sources */,
				04607E0C2808B1B000C402AB /* UIImage+StatusBar.swift in Sources */,
				04607E0D2808B1B000C402AB /* FBSnapshotTestCase+Screenshot.swift in Sources */,
				04607E092808B1B000C402AB /* XCUIElementQuery+Tap.swift in Sources */,
				04607E0B2808B1B000C402AB /* UIDevice+Model.swift in Sources */,
				04607E102808B1C400C402AB /* SnapshotHelper.swift in Sources */,
			);
			runOnlyForDeploymentPostprocessing = 0;
		};
		5F6D071129E4D98200AE08D4 /* Sources */ = {
			isa = PBXSourcesBuildPhase;
			buildActionMask = 2147483647;
			files = (
				5F6D071229E4D98200AE08D4 /* MainViewController.swift in Sources */,
				5F6D071329E4D98200AE08D4 /* ReusableCommonButton.swift in Sources */,
				5F6D071429E4D98200AE08D4 /* ReusableStackView.swift in Sources */,
				5F6D071529E4D98200AE08D4 /* CalculatorButton.swift in Sources */,
				5F6D071629E4D98200AE08D4 /* NSExpressionExtension.swift in Sources */,
				5F6D071729E4D98200AE08D4 /* ReusableStackViewModel.swift in Sources */,
				5F6D071829E4D98200AE08D4 /* ButtonStyles.swift in Sources */,
				5FEF7E6E29E7796200D6BFCC /* AccessibilityIdentifiers.swift in Sources */,
				5F6D071929E4D98200AE08D4 /* UIConstants.swift in Sources */,
				5F6D071A29E4D98200AE08D4 /* StackViewsStyles.swift in Sources */,
				5F6D071B29E4D98200AE08D4 /* Constraints.swift in Sources */,
				5F6D071C29E4D98200AE08D4 /* CalculatorService.swift in Sources */,
				5F6D071D29E4D98200AE08D4 /* AppDelegate.swift in Sources */,
				5F6D071E29E4D98200AE08D4 /* SceneDelegate.swift in Sources */,
				5F6D071F29E4D98200AE08D4 /* StackViewsData.swift in Sources */,
				5F6D072029E4D98200AE08D4 /* CalculatorServiceProtocol.swift in Sources */,
			);
			runOnlyForDeploymentPostprocessing = 0;
		};
/* End PBXSourcesBuildPhase section */

/* Begin PBXTargetDependency section */
		04B8E9012801F3C300EF70CD /* PBXTargetDependency */ = {
			isa = PBXTargetDependency;
			target = 04B8E8E82801F3B800EF70CD /* Calculator-iOS-Dev */;
			targetProxy = 04B8E9002801F3C300EF70CD /* PBXContainerItemProxy */;
		};
		04B8E90B2801F3C300EF70CD /* PBXTargetDependency */ = {
			isa = PBXTargetDependency;
			target = 04B8E8E82801F3B800EF70CD /* Calculator-iOS-Dev */;
			targetProxy = 04B8E90A2801F3C300EF70CD /* PBXContainerItemProxy */;
		};
		5F4FAF2029EA0A7B00B5C74A /* PBXTargetDependency */ = {
			isa = PBXTargetDependency;
			target = 5F6D070E29E4D98200AE08D4 /* Calculator-iOS-Release */;
			targetProxy = 5F4FAF1F29EA0A7B00B5C74A /* PBXContainerItemProxy */;
		};
/* End PBXTargetDependency section */

/* Begin PBXVariantGroup section */
		04B8E8F22801F3B800EF70CD /* MainViewController.storyboard */ = {
			isa = PBXVariantGroup;
			children = (
				04B8E8F32801F3B800EF70CD /* Base */,
			);
			name = MainViewController.storyboard;
			sourceTree = "<group>";
		};
		04B8E8F72801F3C300EF70CD /* LaunchScreen.storyboard */ = {
			isa = PBXVariantGroup;
			children = (
				04B8E8F82801F3C300EF70CD /* Base */,
			);
			name = LaunchScreen.storyboard;
			sourceTree = "<group>";
		};
/* End PBXVariantGroup section */

/* Begin XCBuildConfiguration section */
		04B8E9112801F3C300EF70CD /* Debug */ = {
			isa = XCBuildConfiguration;
			buildSettings = {
				ALWAYS_EMBED_SWIFT_STANDARD_LIBRARIES = "$(inherited)";
				ALWAYS_SEARCH_USER_PATHS = NO;
				CLANG_ANALYZER_NONNULL = YES;
				CLANG_ANALYZER_NUMBER_OBJECT_CONVERSION = YES_AGGRESSIVE;
				CLANG_CXX_LANGUAGE_STANDARD = "gnu++17";
				CLANG_ENABLE_MODULES = YES;
				CLANG_ENABLE_OBJC_ARC = YES;
				CLANG_ENABLE_OBJC_WEAK = YES;
				CLANG_WARN_BLOCK_CAPTURE_AUTORELEASING = YES;
				CLANG_WARN_BOOL_CONVERSION = YES;
				CLANG_WARN_COMMA = YES;
				CLANG_WARN_CONSTANT_CONVERSION = YES;
				CLANG_WARN_DEPRECATED_OBJC_IMPLEMENTATIONS = YES;
				CLANG_WARN_DIRECT_OBJC_ISA_USAGE = YES_ERROR;
				CLANG_WARN_DOCUMENTATION_COMMENTS = YES;
				CLANG_WARN_EMPTY_BODY = YES;
				CLANG_WARN_ENUM_CONVERSION = YES;
				CLANG_WARN_INFINITE_RECURSION = YES;
				CLANG_WARN_INT_CONVERSION = YES;
				CLANG_WARN_NON_LITERAL_NULL_CONVERSION = YES;
				CLANG_WARN_OBJC_IMPLICIT_RETAIN_SELF = YES;
				CLANG_WARN_OBJC_LITERAL_CONVERSION = YES;
				CLANG_WARN_OBJC_ROOT_CLASS = YES_ERROR;
				CLANG_WARN_QUOTED_INCLUDE_IN_FRAMEWORK_HEADER = YES;
				CLANG_WARN_RANGE_LOOP_ANALYSIS = YES;
				CLANG_WARN_STRICT_PROTOTYPES = YES;
				CLANG_WARN_SUSPICIOUS_MOVE = YES;
				CLANG_WARN_UNGUARDED_AVAILABILITY = YES_AGGRESSIVE;
				CLANG_WARN_UNREACHABLE_CODE = YES;
				CLANG_WARN__DUPLICATE_METHOD_MATCH = YES;
				COPY_PHASE_STRIP = NO;
				DEBUG_INFORMATION_FORMAT = dwarf;
				ENABLE_STRICT_OBJC_MSGSEND = YES;
				ENABLE_TESTABILITY = YES;
				GCC_C_LANGUAGE_STANDARD = gnu11;
				GCC_DYNAMIC_NO_PIC = NO;
				GCC_NO_COMMON_BLOCKS = YES;
				GCC_OPTIMIZATION_LEVEL = 0;
				GCC_PREPROCESSOR_DEFINITIONS = (
					"DEBUG=1",
					"$(inherited)",
				);
				GCC_WARN_64_TO_32_BIT_CONVERSION = YES;
				GCC_WARN_ABOUT_RETURN_TYPE = YES_ERROR;
				GCC_WARN_UNDECLARED_SELECTOR = YES;
				GCC_WARN_UNINITIALIZED_AUTOS = YES_AGGRESSIVE;
				GCC_WARN_UNUSED_FUNCTION = YES;
				GCC_WARN_UNUSED_VARIABLE = YES;
				IPHONEOS_DEPLOYMENT_TARGET = 15.4;
				MTL_ENABLE_DEBUG_INFO = INCLUDE_SOURCE;
				MTL_FAST_MATH = YES;
				ONLY_ACTIVE_ARCH = YES;
				SDKROOT = iphoneos;
				SWIFT_ACTIVE_COMPILATION_CONDITIONS = DEBUG;
				SWIFT_OPTIMIZATION_LEVEL = "-Onone";
			};
			name = Debug;
		};
		04B8E9122801F3C300EF70CD /* Release */ = {
			isa = XCBuildConfiguration;
			buildSettings = {
				ALWAYS_EMBED_SWIFT_STANDARD_LIBRARIES = "$(inherited)";
				ALWAYS_SEARCH_USER_PATHS = NO;
				CLANG_ANALYZER_NONNULL = YES;
				CLANG_ANALYZER_NUMBER_OBJECT_CONVERSION = YES_AGGRESSIVE;
				CLANG_CXX_LANGUAGE_STANDARD = "gnu++17";
				CLANG_ENABLE_MODULES = YES;
				CLANG_ENABLE_OBJC_ARC = YES;
				CLANG_ENABLE_OBJC_WEAK = YES;
				CLANG_WARN_BLOCK_CAPTURE_AUTORELEASING = YES;
				CLANG_WARN_BOOL_CONVERSION = YES;
				CLANG_WARN_COMMA = YES;
				CLANG_WARN_CONSTANT_CONVERSION = YES;
				CLANG_WARN_DEPRECATED_OBJC_IMPLEMENTATIONS = YES;
				CLANG_WARN_DIRECT_OBJC_ISA_USAGE = YES_ERROR;
				CLANG_WARN_DOCUMENTATION_COMMENTS = YES;
				CLANG_WARN_EMPTY_BODY = YES;
				CLANG_WARN_ENUM_CONVERSION = YES;
				CLANG_WARN_INFINITE_RECURSION = YES;
				CLANG_WARN_INT_CONVERSION = YES;
				CLANG_WARN_NON_LITERAL_NULL_CONVERSION = YES;
				CLANG_WARN_OBJC_IMPLICIT_RETAIN_SELF = YES;
				CLANG_WARN_OBJC_LITERAL_CONVERSION = YES;
				CLANG_WARN_OBJC_ROOT_CLASS = YES_ERROR;
				CLANG_WARN_QUOTED_INCLUDE_IN_FRAMEWORK_HEADER = YES;
				CLANG_WARN_RANGE_LOOP_ANALYSIS = YES;
				CLANG_WARN_STRICT_PROTOTYPES = YES;
				CLANG_WARN_SUSPICIOUS_MOVE = YES;
				CLANG_WARN_UNGUARDED_AVAILABILITY = YES_AGGRESSIVE;
				CLANG_WARN_UNREACHABLE_CODE = YES;
				CLANG_WARN__DUPLICATE_METHOD_MATCH = YES;
				COPY_PHASE_STRIP = NO;
				DEBUG_INFORMATION_FORMAT = "dwarf-with-dsym";
				ENABLE_NS_ASSERTIONS = NO;
				ENABLE_STRICT_OBJC_MSGSEND = YES;
				GCC_C_LANGUAGE_STANDARD = gnu11;
				GCC_NO_COMMON_BLOCKS = YES;
				GCC_WARN_64_TO_32_BIT_CONVERSION = YES;
				GCC_WARN_ABOUT_RETURN_TYPE = YES_ERROR;
				GCC_WARN_UNDECLARED_SELECTOR = YES;
				GCC_WARN_UNINITIALIZED_AUTOS = YES_AGGRESSIVE;
				GCC_WARN_UNUSED_FUNCTION = YES;
				GCC_WARN_UNUSED_VARIABLE = YES;
				IPHONEOS_DEPLOYMENT_TARGET = 15.4;
				MTL_ENABLE_DEBUG_INFO = NO;
				MTL_FAST_MATH = YES;
				SDKROOT = iphoneos;
				SWIFT_COMPILATION_MODE = wholemodule;
				SWIFT_OPTIMIZATION_LEVEL = "-O";
				VALIDATE_PRODUCT = YES;
			};
			name = Release;
		};
		04B8E9142801F3C300EF70CD /* Debug */ = {
			isa = XCBuildConfiguration;
			baseConfigurationReference = C5C16A0132AA31A8EA5B4B45 /* Pods-App-Calculator-iOS-Dev.debug.xcconfig */;
			buildSettings = {
				ASSETCATALOG_COMPILER_APPICON_NAME = AppIcon;
				ASSETCATALOG_COMPILER_GLOBAL_ACCENT_COLOR_NAME = AccentColor;
				CODE_SIGN_STYLE = Automatic;
				CURRENT_PROJECT_VERSION = 1;
				DEVELOPMENT_TEAM = Q5TA2MK66R;
				GENERATE_INFOPLIST_FILE = YES;
				INFOPLIST_FILE = "$(SRCROOT)/Calculator-iOS/BundleFiles/Plist/Info.plist";
				INFOPLIST_KEY_UIApplicationSupportsIndirectInputEvents = YES;
				INFOPLIST_KEY_UILaunchStoryboardName = LaunchScreen.storyboard;
				INFOPLIST_KEY_UIMainStoryboardFile = MainViewController;
				INFOPLIST_KEY_UISupportedInterfaceOrientations = UIInterfaceOrientationPortrait;
				LD_RUNPATH_SEARCH_PATHS = (
					"$(inherited)",
					"@executable_path/Frameworks",
				);
				MARKETING_VERSION = 1.0;
				PRODUCT_BUNDLE_IDENTIFIER = com.bertochgg.chgg;
				PRODUCT_NAME = "$(TARGET_NAME)";
				SUPPORTED_PLATFORMS = "iphoneos iphonesimulator";
				SUPPORTS_MACCATALYST = NO;
				SUPPORTS_MAC_DESIGNED_FOR_IPHONE_IPAD = NO;
				SWIFT_EMIT_LOC_STRINGS = YES;
				SWIFT_VERSION = 5.0;
				TARGETED_DEVICE_FAMILY = 1;
			};
			name = Debug;
		};
		04B8E9152801F3C300EF70CD /* Release */ = {
			isa = XCBuildConfiguration;
			baseConfigurationReference = 7E527D6971AF38358183E1DF /* Pods-App-Calculator-iOS-Dev.release.xcconfig */;
			buildSettings = {
				ASSETCATALOG_COMPILER_APPICON_NAME = AppIcon;
				ASSETCATALOG_COMPILER_GLOBAL_ACCENT_COLOR_NAME = AccentColor;
				CODE_SIGN_STYLE = Automatic;
				CURRENT_PROJECT_VERSION = 1;
				DEVELOPMENT_TEAM = Q5TA2MK66R;
				GENERATE_INFOPLIST_FILE = YES;
				INFOPLIST_FILE = "$(SRCROOT)/Calculator-iOS/BundleFiles/Plist/Info.plist";
				INFOPLIST_KEY_UIApplicationSupportsIndirectInputEvents = YES;
				INFOPLIST_KEY_UILaunchStoryboardName = LaunchScreen.storyboard;
				INFOPLIST_KEY_UIMainStoryboardFile = MainViewController;
				INFOPLIST_KEY_UISupportedInterfaceOrientations = UIInterfaceOrientationPortrait;
				LD_RUNPATH_SEARCH_PATHS = (
					"$(inherited)",
					"@executable_path/Frameworks",
				);
				MARKETING_VERSION = 1.0;
				PRODUCT_BUNDLE_IDENTIFIER = com.bertochgg.chgg;
				PRODUCT_NAME = "$(TARGET_NAME)";
				SUPPORTED_PLATFORMS = "iphoneos iphonesimulator";
				SUPPORTS_MACCATALYST = NO;
				SUPPORTS_MAC_DESIGNED_FOR_IPHONE_IPAD = NO;
				SWIFT_EMIT_LOC_STRINGS = YES;
				SWIFT_VERSION = 5.0;
				TARGETED_DEVICE_FAMILY = 1;
			};
			name = Release;
		};
		04B8E9172801F3C300EF70CD /* Debug */ = {
			isa = XCBuildConfiguration;
			baseConfigurationReference = 341ABA3C7AC3E3F4BAF7250F /* Pods-App-Calculator-iOSTests.debug.xcconfig */;
			buildSettings = {
				ALWAYS_EMBED_SWIFT_STANDARD_LIBRARIES = "$(inherited)";
				BUNDLE_LOADER = "$(TEST_HOST)";
				CODE_SIGN_STYLE = Automatic;
				CURRENT_PROJECT_VERSION = 1;
				GENERATE_INFOPLIST_FILE = YES;
				IPHONEOS_DEPLOYMENT_TARGET = 15.4;
				MARKETING_VERSION = 1.0;
				PRODUCT_BUNDLE_IDENTIFIER = "com.Calculator-iOSTests";
				PRODUCT_NAME = "$(TARGET_NAME)";
				SWIFT_EMIT_LOC_STRINGS = NO;
				SWIFT_VERSION = 5.0;
				TARGETED_DEVICE_FAMILY = "1,2";
				TEST_HOST = "$(BUILT_PRODUCTS_DIR)/Calculator-iOS-Dev.app/$(BUNDLE_EXECUTABLE_FOLDER_PATH)/Calculator-iOS-Dev";
			};
			name = Debug;
		};
		04B8E9182801F3C300EF70CD /* Release */ = {
			isa = XCBuildConfiguration;
			baseConfigurationReference = ACFFD025F4BBB29EE4434F20 /* Pods-App-Calculator-iOSTests.release.xcconfig */;
			buildSettings = {
				ALWAYS_EMBED_SWIFT_STANDARD_LIBRARIES = "$(inherited)";
				BUNDLE_LOADER = "$(TEST_HOST)";
				CODE_SIGN_STYLE = Automatic;
				CURRENT_PROJECT_VERSION = 1;
				GENERATE_INFOPLIST_FILE = YES;
				IPHONEOS_DEPLOYMENT_TARGET = 15.4;
				MARKETING_VERSION = 1.0;
				PRODUCT_BUNDLE_IDENTIFIER = "com.Calculator-iOSTests";
				PRODUCT_NAME = "$(TARGET_NAME)";
				SWIFT_EMIT_LOC_STRINGS = NO;
				SWIFT_VERSION = 5.0;
				TARGETED_DEVICE_FAMILY = "1,2";
				TEST_HOST = "$(BUILT_PRODUCTS_DIR)/Calculator-iOS-Dev.app/$(BUNDLE_EXECUTABLE_FOLDER_PATH)/Calculator-iOS-Dev";
			};
			name = Release;
		};
		04B8E91A2801F3C300EF70CD /* Debug */ = {
			isa = XCBuildConfiguration;
			baseConfigurationReference = 830E010DD71219AEF997685E /* Pods-App-Calculator-iOSUITests.debug.xcconfig */;
			buildSettings = {
				ALWAYS_EMBED_SWIFT_STANDARD_LIBRARIES = "$(inherited)";
				CODE_SIGN_STYLE = Automatic;
				CURRENT_PROJECT_VERSION = 1;
				GENERATE_INFOPLIST_FILE = YES;
				MARKETING_VERSION = 1.0;
				PRODUCT_BUNDLE_IDENTIFIER = "com.Calculator-iOSUITests";
				PRODUCT_NAME = "$(TARGET_NAME)";
				SWIFT_EMIT_LOC_STRINGS = NO;
				SWIFT_VERSION = 5.0;
				TARGETED_DEVICE_FAMILY = "1,2";
				TEST_TARGET_NAME = "Calculator-iOS-Dev";
			};
			name = Debug;
		};
		04B8E91B2801F3C300EF70CD /* Release */ = {
			isa = XCBuildConfiguration;
			baseConfigurationReference = B18691BB1057DB73C976D52E /* Pods-App-Calculator-iOSUITests.release.xcconfig */;
			buildSettings = {
				ALWAYS_EMBED_SWIFT_STANDARD_LIBRARIES = "$(inherited)";
				CODE_SIGN_STYLE = Automatic;
				CURRENT_PROJECT_VERSION = 1;
				GENERATE_INFOPLIST_FILE = YES;
				MARKETING_VERSION = 1.0;
				PRODUCT_BUNDLE_IDENTIFIER = "com.Calculator-iOSUITests";
				PRODUCT_NAME = "$(TARGET_NAME)";
				SWIFT_EMIT_LOC_STRINGS = NO;
				SWIFT_VERSION = 5.0;
				TARGETED_DEVICE_FAMILY = "1,2";
				TEST_TARGET_NAME = "Calculator-iOS-Dev";
			};
			name = Release;
		};
		5F6D073B29E4D98200AE08D4 /* Debug */ = {
			isa = XCBuildConfiguration;
			baseConfigurationReference = 79363AF023610BE014D3710A /* Pods-App-Calculator-iOS-Release.debug.xcconfig */;
			buildSettings = {
				ASSETCATALOG_COMPILER_APPICON_NAME = AppIcon;
				ASSETCATALOG_COMPILER_GLOBAL_ACCENT_COLOR_NAME = AccentColor;
				CODE_SIGN_STYLE = Automatic;
				CURRENT_PROJECT_VERSION = 1;
				DEVELOPMENT_TEAM = Q5TA2MK66R;
				GENERATE_INFOPLIST_FILE = YES;
				INFOPLIST_FILE = "$(SRCROOT)/Calculator-iOS/BundleFiles/Plist/Info.plist";
				INFOPLIST_KEY_UIApplicationSupportsIndirectInputEvents = YES;
				INFOPLIST_KEY_UILaunchStoryboardName = LaunchScreen.storyboard;
				INFOPLIST_KEY_UIMainStoryboardFile = MainViewController;
				INFOPLIST_KEY_UISupportedInterfaceOrientations = UIInterfaceOrientationPortrait;
				LD_RUNPATH_SEARCH_PATHS = (
					"$(inherited)",
					"@executable_path/Frameworks",
				);
				MARKETING_VERSION = 1.0;
				PRODUCT_BUNDLE_IDENTIFIER = "com.bertochgg.chgg-Release";
				PRODUCT_NAME = "$(TARGET_NAME)";
				SWIFT_EMIT_LOC_STRINGS = YES;
				SWIFT_VERSION = 5.0;
				TARGETED_DEVICE_FAMILY = "1,2";
			};
			name = Debug;
		};
		5F6D073C29E4D98200AE08D4 /* Release */ = {
			isa = XCBuildConfiguration;
			baseConfigurationReference = 05C340AB0FCE106DD1EC5110 /* Pods-App-Calculator-iOS-Release.release.xcconfig */;
			buildSettings = {
				ASSETCATALOG_COMPILER_APPICON_NAME = AppIcon;
				ASSETCATALOG_COMPILER_GLOBAL_ACCENT_COLOR_NAME = AccentColor;
				CODE_SIGN_STYLE = Automatic;
				CURRENT_PROJECT_VERSION = 1;
				DEVELOPMENT_TEAM = Q5TA2MK66R;
				GENERATE_INFOPLIST_FILE = YES;
				INFOPLIST_FILE = "$(SRCROOT)/Calculator-iOS/BundleFiles/Plist/Info.plist";
				INFOPLIST_KEY_UIApplicationSupportsIndirectInputEvents = YES;
				INFOPLIST_KEY_UILaunchStoryboardName = LaunchScreen.storyboard;
				INFOPLIST_KEY_UIMainStoryboardFile = MainViewController;
				INFOPLIST_KEY_UISupportedInterfaceOrientations = UIInterfaceOrientationPortrait;
				LD_RUNPATH_SEARCH_PATHS = (
					"$(inherited)",
					"@executable_path/Frameworks",
				);
				MARKETING_VERSION = 1.0;
				PRODUCT_BUNDLE_IDENTIFIER = "com.bertochgg.chgg-Release";
				PRODUCT_NAME = "$(TARGET_NAME)";
				SWIFT_EMIT_LOC_STRINGS = YES;
				SWIFT_VERSION = 5.0;
				TARGETED_DEVICE_FAMILY = "1,2";
			};
			name = Release;
		};
/* End XCBuildConfiguration section */

/* Begin XCConfigurationList section */
		04B8E8E42801F3B800EF70CD /* Build configuration list for PBXProject "Calculator-iOS" */ = {
			isa = XCConfigurationList;
			buildConfigurations = (
				04B8E9112801F3C300EF70CD /* Debug */,
				04B8E9122801F3C300EF70CD /* Release */,
			);
			defaultConfigurationIsVisible = 0;
			defaultConfigurationName = Release;
		};
		04B8E9132801F3C300EF70CD /* Build configuration list for PBXNativeTarget "Calculator-iOS-Dev" */ = {
			isa = XCConfigurationList;
			buildConfigurations = (
				04B8E9142801F3C300EF70CD /* Debug */,
				04B8E9152801F3C300EF70CD /* Release */,
			);
			defaultConfigurationIsVisible = 0;
			defaultConfigurationName = Release;
		};
		04B8E9162801F3C300EF70CD /* Build configuration list for PBXNativeTarget "Calculator-iOSTests" */ = {
			isa = XCConfigurationList;
			buildConfigurations = (
				04B8E9172801F3C300EF70CD /* Debug */,
				04B8E9182801F3C300EF70CD /* Release */,
			);
			defaultConfigurationIsVisible = 0;
			defaultConfigurationName = Release;
		};
		04B8E9192801F3C300EF70CD /* Build configuration list for PBXNativeTarget "Calculator-iOSUITests" */ = {
			isa = XCConfigurationList;
			buildConfigurations = (
				04B8E91A2801F3C300EF70CD /* Debug */,
				04B8E91B2801F3C300EF70CD /* Release */,
			);
			defaultConfigurationIsVisible = 0;
			defaultConfigurationName = Release;
		};
		5F6D073A29E4D98200AE08D4 /* Build configuration list for PBXNativeTarget "Calculator-iOS-Release" */ = {
			isa = XCConfigurationList;
			buildConfigurations = (
				5F6D073B29E4D98200AE08D4 /* Debug */,
				5F6D073C29E4D98200AE08D4 /* Release */,
			);
			defaultConfigurationIsVisible = 0;
			defaultConfigurationName = Release;
		};
/* End XCConfigurationList section */
	};
	rootObject = 04B8E8E12801F3B800EF70CD /* Project object */;
}
